// !$*UTF8*$!
{
	archiveVersion = 1;
	classes = {
	};
	objectVersion = 52;
	objects = {

/* Begin PBXBuildFile section */
		406B701EAAA0474D5FD18E48 /* libPods-TDDChatProject.a in Frameworks */ = {isa = PBXBuildFile; fileRef = 20036174A8DC5C34C1B980C3 /* libPods-TDDChatProject.a */; };
		966377ABFB3D85CA2B2EE5A2 /* libPods-TDDChatProject.a in Frameworks */ = {isa = PBXBuildFile; fileRef = F0D596EA23A2A2590005C76F /* libPods-TDDChatProject.a */; };
		F000671623B3A4530008B2C5 /* Dictionary+toData.swift in Sources */ = {isa = PBXBuildFile; fileRef = F000671523B3A4530008B2C5 /* Dictionary+toData.swift */; };
		F000671723B3A4560008B2C5 /* Dictionary+toData.swift in Sources */ = {isa = PBXBuildFile; fileRef = F000671523B3A4530008B2C5 /* Dictionary+toData.swift */; };
		F000671823BA3CF00008B2C5 /* IdentityStoreController.swift in Sources */ = {isa = PBXBuildFile; fileRef = F0ACDF2F238AC178003043E9 /* IdentityStoreController.swift */; };
		F0304EF723BA3E44002EDACA /* RemoteIdentityStoreLoader.swift in Sources */ = {isa = PBXBuildFile; fileRef = F0E4F94A2382ED3C0024E427 /* RemoteIdentityStoreLoader.swift */; };
		F0304EF823BA3E55002EDACA /* IdentityStoreModel.swift in Sources */ = {isa = PBXBuildFile; fileRef = F0E4F96123867FC90024E427 /* IdentityStoreModel.swift */; };
		F05E7EE823990E6C00389F76 /* ChatClientSpy.swift in Sources */ = {isa = PBXBuildFile; fileRef = F05E7EE723990E6C00389F76 /* ChatClientSpy.swift */; };
		F060145323CF47FE00216AA0 /* JSONMockData.swift in Sources */ = {isa = PBXBuildFile; fileRef = F060145223CF47FE00216AA0 /* JSONMockData.swift */; };
		F060145523CF486300216AA0 /* BuilderHelper.swift in Sources */ = {isa = PBXBuildFile; fileRef = F060145423CF486300216AA0 /* BuilderHelper.swift */; };
		F06211D123CE164B00F36790 /* lit-networking in Frameworks */ = {isa = PBXBuildFile; productRef = F06211D023CE164B00F36790 /* lit-networking */; };
		F062120723CF346000F36790 /* IdentityStoreIntegrationTests.swift in Sources */ = {isa = PBXBuildFile; fileRef = F062120623CF346000F36790 /* IdentityStoreIntegrationTests.swift */; };
		F062121023CF355900F36790 /* UserDefaultStorageMock.swift in Sources */ = {isa = PBXBuildFile; fileRef = F062120F23CF355900F36790 /* UserDefaultStorageMock.swift */; };
		F062121223CF3B3D00F36790 /* ClientMediatorIntegrationTests.swift in Sources */ = {isa = PBXBuildFile; fileRef = F062121123CF3B3D00F36790 /* ClientMediatorIntegrationTests.swift */; };
		F062121423CF3B7400F36790 /* Loaders.swift in Sources */ = {isa = PBXBuildFile; fileRef = F062121323CF3B7400F36790 /* Loaders.swift */; };
		F062121623CF3C9700F36790 /* ChatClientSpy.swift in Sources */ = {isa = PBXBuildFile; fileRef = F062121523CF3C9700F36790 /* ChatClientSpy.swift */; };
		F062121723CF431E00F36790 /* Jwt.swift in Sources */ = {isa = PBXBuildFile; fileRef = F07D76B8239D089500063190 /* Jwt.swift */; };
		F062121823CF433100F36790 /* TokenBasedClientStrategy.swift in Sources */ = {isa = PBXBuildFile; fileRef = F07D76A5239CF19A00063190 /* TokenBasedClientStrategy.swift */; };
		F062121923CF436F00F36790 /* ClientProcessStrategy.swift in Sources */ = {isa = PBXBuildFile; fileRef = F07D76CB239D367C00063190 /* ClientProcessStrategy.swift */; };
		F062121A23CF437300F36790 /* ChatClient.swift in Sources */ = {isa = PBXBuildFile; fileRef = F0E77A2923749377002AB76E /* ChatClient.swift */; };
		F062121B23CF437900F36790 /* ClientMediator.swift in Sources */ = {isa = PBXBuildFile; fileRef = F0E77A2A23749377002AB76E /* ClientMediator.swift */; };
		F062121C23CF438100F36790 /* Storage.swift in Sources */ = {isa = PBXBuildFile; fileRef = F07D76C7239D18A800063190 /* Storage.swift */; };
		F062121D23CF438500F36790 /* Commands.swift in Sources */ = {isa = PBXBuildFile; fileRef = F0D596F823A6619D0005C76F /* Commands.swift */; };
		F062121E23CF438D00F36790 /* RemoteAppIdLoader.swift in Sources */ = {isa = PBXBuildFile; fileRef = F0E77A2523749377002AB76E /* RemoteAppIdLoader.swift */; };
		F062121F23CF439000F36790 /* RemoteClientTokenLoader.swift in Sources */ = {isa = PBXBuildFile; fileRef = F0E77A2723749377002AB76E /* RemoteClientTokenLoader.swift */; };
		F062122023CF439C00F36790 /* JwtDefaultParser.swift in Sources */ = {isa = PBXBuildFile; fileRef = F07D76BA239D089500063190 /* JwtDefaultParser.swift */; };
		F062122123CF43A000F36790 /* ChatVendorAppId.swift in Sources */ = {isa = PBXBuildFile; fileRef = F0E77A2023749377002AB76E /* ChatVendorAppId.swift */; };
		F062122223CF43B300F36790 /* ResponseHeader.swift in Sources */ = {isa = PBXBuildFile; fileRef = F0E77A2123749377002AB76E /* ResponseHeader.swift */; };
		F062122323CF43B600F36790 /* ResponseMetadata.swift in Sources */ = {isa = PBXBuildFile; fileRef = F0E77A1E23749377002AB76E /* ResponseMetadata.swift */; };
		F062122423CF43D100F36790 /* Loaders.swift in Sources */ = {isa = PBXBuildFile; fileRef = F062121323CF3B7400F36790 /* Loaders.swift */; };
		F062122523CF43D600F36790 /* Loaders.swift in Sources */ = {isa = PBXBuildFile; fileRef = F062121323CF3B7400F36790 /* Loaders.swift */; };
		F062122623CF43DB00F36790 /* IdentityStoreController.swift in Sources */ = {isa = PBXBuildFile; fileRef = F0ACDF2F238AC178003043E9 /* IdentityStoreController.swift */; };
		F062122723CF43E500F36790 /* RemoteIdentityStoreLoader.swift in Sources */ = {isa = PBXBuildFile; fileRef = F0E4F94A2382ED3C0024E427 /* RemoteIdentityStoreLoader.swift */; };
		F062122823CF43F200F36790 /* IdentityStoreModel.swift in Sources */ = {isa = PBXBuildFile; fileRef = F0E4F96123867FC90024E427 /* IdentityStoreModel.swift */; };
		F062122A23CF440400F36790 /* ChatVendorToken.swift in Sources */ = {isa = PBXBuildFile; fileRef = F0E77A1F23749377002AB76E /* ChatVendorToken.swift */; };
		F063F0AA23954F3200F9E770 /* UserDefaultStorageMock.swift in Sources */ = {isa = PBXBuildFile; fileRef = F063F0A923954F3200F9E770 /* UserDefaultStorageMock.swift */; };
		F07D76A6239CF19A00063190 /* TokenBasedClientStrategy.swift in Sources */ = {isa = PBXBuildFile; fileRef = F07D76A5239CF19A00063190 /* TokenBasedClientStrategy.swift */; };
		F07D76A8239CF1B600063190 /* ClientProcessStrategyTests.swift in Sources */ = {isa = PBXBuildFile; fileRef = F07D76A7239CF1B600063190 /* ClientProcessStrategyTests.swift */; };
		F07D76BC239D089500063190 /* Jwt.swift in Sources */ = {isa = PBXBuildFile; fileRef = F07D76B8239D089500063190 /* Jwt.swift */; };
		F07D76BD239D089500063190 /* JwtDefaultParser.swift in Sources */ = {isa = PBXBuildFile; fileRef = F07D76BA239D089500063190 /* JwtDefaultParser.swift */; };
		F07D76C2239D08A800063190 /* JwtTests.swift in Sources */ = {isa = PBXBuildFile; fileRef = F07D76C0239D08A800063190 /* JwtTests.swift */; };
		F07D76C8239D18A800063190 /* Storage.swift in Sources */ = {isa = PBXBuildFile; fileRef = F07D76C7239D18A800063190 /* Storage.swift */; };
		F07D76CA239D2DF900063190 /* DefaultStorageTests.swift in Sources */ = {isa = PBXBuildFile; fileRef = F07D76C9239D2DF900063190 /* DefaultStorageTests.swift */; };
		F07D76CC239D367C00063190 /* ClientProcessStrategy.swift in Sources */ = {isa = PBXBuildFile; fileRef = F07D76CB239D367C00063190 /* ClientProcessStrategy.swift */; };
		F09B0B0523E1E227001C1DAB /* AccessTokenSpyRemoteAdapter.swift in Sources */ = {isa = PBXBuildFile; fileRef = F09B0B0323E1E225001C1DAB /* AccessTokenSpyRemoteAdapter.swift */; };
		F09B0B0623E1E237001C1DAB /* AccessTokenMockAdapter.swift in Sources */ = {isa = PBXBuildFile; fileRef = F06835B023CDFABC008BD473 /* AccessTokenMockAdapter.swift */; };
		F09B0B0723E1E239001C1DAB /* AccessTokenMockAdapter.swift in Sources */ = {isa = PBXBuildFile; fileRef = F06835B023CDFABC008BD473 /* AccessTokenMockAdapter.swift */; };
		F09B0B0B23E1E28C001C1DAB /* AccessTokenPingAdapter.swift in Sources */ = {isa = PBXBuildFile; fileRef = F09B0B0A23E1E28C001C1DAB /* AccessTokenPingAdapter.swift */; };
		F09B0B0D23E1E3E2001C1DAB /* AccessTokenPingAdapter.swift in Sources */ = {isa = PBXBuildFile; fileRef = F09B0B0A23E1E28C001C1DAB /* AccessTokenPingAdapter.swift */; };
		F09B0B0F23E1E73D001C1DAB /* AccessToken.swift in Sources */ = {isa = PBXBuildFile; fileRef = F09B0B0E23E1E73D001C1DAB /* AccessToken.swift */; };
		F09B0B1023E1E73D001C1DAB /* AccessToken.swift in Sources */ = {isa = PBXBuildFile; fileRef = F09B0B0E23E1E73D001C1DAB /* AccessToken.swift */; };
		F09B0B1123E1E73D001C1DAB /* AccessToken.swift in Sources */ = {isa = PBXBuildFile; fileRef = F09B0B0E23E1E73D001C1DAB /* AccessToken.swift */; };
		F09B0B1223E1E73D001C1DAB /* AccessToken.swift in Sources */ = {isa = PBXBuildFile; fileRef = F09B0B0E23E1E73D001C1DAB /* AccessToken.swift */; };
		F09B0B2B23E1EA2E001C1DAB /* RemoteAccessTokenSpyLoader.swift in Sources */ = {isa = PBXBuildFile; fileRef = F09B0B2A23E1EA2E001C1DAB /* RemoteAccessTokenSpyLoader.swift */; };
		F0A2A62223E82F670004A1C1 /* ChatConversation.swift in Sources */ = {isa = PBXBuildFile; fileRef = F0A2A62123E82F670004A1C1 /* ChatConversation.swift */; };
		F0A2A62423E849BD0004A1C1 /* SmoochConversation.swift in Sources */ = {isa = PBXBuildFile; fileRef = F0A2A62323E849BD0004A1C1 /* SmoochConversation.swift */; };
		F0A2A63023EA9B380004A1C1 /* ObserversCombainAdapterTests.swift in Sources */ = {isa = PBXBuildFile; fileRef = F0A2A62F23EA9B380004A1C1 /* ObserversCombainAdapterTests.swift */; };
		F0A2A63223EA9C340004A1C1 /* ObserversCombainAdapter.swift in Sources */ = {isa = PBXBuildFile; fileRef = F0A2A63123EA9C340004A1C1 /* ObserversCombainAdapter.swift */; };
		F0A3C9D123E1F36F000CD5FC /* Int+Loop.swift in Sources */ = {isa = PBXBuildFile; fileRef = F0A3C9D023E1F36F000CD5FC /* Int+Loop.swift */; };
		F0A3C9D223E1F36F000CD5FC /* Int+Loop.swift in Sources */ = {isa = PBXBuildFile; fileRef = F0A3C9D023E1F36F000CD5FC /* Int+Loop.swift */; };
		F0A3C9D323E1F36F000CD5FC /* Int+Loop.swift in Sources */ = {isa = PBXBuildFile; fileRef = F0A3C9D023E1F36F000CD5FC /* Int+Loop.swift */; };
		F0A457B123EAC1D20076A777 /* URLS+Base.swift in Sources */ = {isa = PBXBuildFile; fileRef = F0A457B023EAC1D20076A777 /* URLS+Base.swift */; };
		F0A457B423EAC3AF0076A777 /* URLS+Auth.swift in Sources */ = {isa = PBXBuildFile; fileRef = F0A457B323EAC3AF0076A777 /* URLS+Auth.swift */; };
		F0A457B623EAC3F20076A777 /* URLS+STS.swift in Sources */ = {isa = PBXBuildFile; fileRef = F0A457B523EAC3F20076A777 /* URLS+STS.swift */; };
		F0A457B823EAC4670076A777 /* URLS+IdentityStore.swift in Sources */ = {isa = PBXBuildFile; fileRef = F0A457B723EAC4670076A777 /* URLS+IdentityStore.swift */; };
		F0A457BB23EACEB70076A777 /* Configuration+Env.swift in Sources */ = {isa = PBXBuildFile; fileRef = F0A457BA23EACEB70076A777 /* Configuration+Env.swift */; };
		F0A457BC23EAE0C60076A777 /* Configuration+Env.swift in Sources */ = {isa = PBXBuildFile; fileRef = F0A457BA23EACEB70076A777 /* Configuration+Env.swift */; };
		F0A457BD23EAE0C70076A777 /* Configuration+Env.swift in Sources */ = {isa = PBXBuildFile; fileRef = F0A457BA23EACEB70076A777 /* Configuration+Env.swift */; };
		F0A457BE23EAE0C70076A777 /* Configuration+Env.swift in Sources */ = {isa = PBXBuildFile; fileRef = F0A457BA23EACEB70076A777 /* Configuration+Env.swift */; };
		F0A457BF23EAE0CC0076A777 /* URLS+Base.swift in Sources */ = {isa = PBXBuildFile; fileRef = F0A457B023EAC1D20076A777 /* URLS+Base.swift */; };
		F0A457C023EAE0CD0076A777 /* URLS+Base.swift in Sources */ = {isa = PBXBuildFile; fileRef = F0A457B023EAC1D20076A777 /* URLS+Base.swift */; };
		F0A457C123EAE0CD0076A777 /* URLS+Base.swift in Sources */ = {isa = PBXBuildFile; fileRef = F0A457B023EAC1D20076A777 /* URLS+Base.swift */; };
		F0A457C223EAE0CF0076A777 /* URLS+Auth.swift in Sources */ = {isa = PBXBuildFile; fileRef = F0A457B323EAC3AF0076A777 /* URLS+Auth.swift */; };
		F0A457C323EAE0CF0076A777 /* URLS+Auth.swift in Sources */ = {isa = PBXBuildFile; fileRef = F0A457B323EAC3AF0076A777 /* URLS+Auth.swift */; };
		F0A457C423EAE0D00076A777 /* URLS+Auth.swift in Sources */ = {isa = PBXBuildFile; fileRef = F0A457B323EAC3AF0076A777 /* URLS+Auth.swift */; };
		F0A457C523EAE0D20076A777 /* URLS+STS.swift in Sources */ = {isa = PBXBuildFile; fileRef = F0A457B523EAC3F20076A777 /* URLS+STS.swift */; };
		F0A457C623EAE0D20076A777 /* URLS+STS.swift in Sources */ = {isa = PBXBuildFile; fileRef = F0A457B523EAC3F20076A777 /* URLS+STS.swift */; };
		F0A457C723EAE0D20076A777 /* URLS+STS.swift in Sources */ = {isa = PBXBuildFile; fileRef = F0A457B523EAC3F20076A777 /* URLS+STS.swift */; };
		F0A457C823EAE0D40076A777 /* URLS+IdentityStore.swift in Sources */ = {isa = PBXBuildFile; fileRef = F0A457B723EAC4670076A777 /* URLS+IdentityStore.swift */; };
		F0A457C923EAE0D50076A777 /* URLS+IdentityStore.swift in Sources */ = {isa = PBXBuildFile; fileRef = F0A457B723EAC4670076A777 /* URLS+IdentityStore.swift */; };
		F0A457CA23EAE0D50076A777 /* URLS+IdentityStore.swift in Sources */ = {isa = PBXBuildFile; fileRef = F0A457B723EAC4670076A777 /* URLS+IdentityStore.swift */; };
		F0A457CC23EC76960076A777 /* XCTestCase+Helper.swift in Sources */ = {isa = PBXBuildFile; fileRef = F0A457CB23EC76960076A777 /* XCTestCase+Helper.swift */; };
		F0A457CE23EC77020076A777 /* Clients+Helper.swift in Sources */ = {isa = PBXBuildFile; fileRef = F0A457CD23EC77020076A777 /* Clients+Helper.swift */; };
		F0ACDF30238AC178003043E9 /* IdentityStoreController.swift in Sources */ = {isa = PBXBuildFile; fileRef = F0ACDF2F238AC178003043E9 /* IdentityStoreController.swift */; };
		F0ACDF3E238BD353003043E9 /* IdentityStoreControllerTests.swift in Sources */ = {isa = PBXBuildFile; fileRef = F0ACDF3D238BD353003043E9 /* IdentityStoreControllerTests.swift */; };
		F0ACDF41238BD43C003043E9 /* DefaultStorage.swift in Sources */ = {isa = PBXBuildFile; fileRef = F0ACDF40238BD43C003043E9 /* DefaultStorage.swift */; };
		F0ACDF43238BE3A1003043E9 /* IdentityStoreResponseHelper.swift in Sources */ = {isa = PBXBuildFile; fileRef = F0ACDF42238BE3A1003043E9 /* IdentityStoreResponseHelper.swift */; };
		F0D5969D23A0011F0005C76F /* ChatDefaultComposition.swift in Sources */ = {isa = PBXBuildFile; fileRef = F0D5969C23A0011F0005C76F /* ChatDefaultComposition.swift */; };
		F0D596D423A28CCE0005C76F /* JSONMockData.swift in Sources */ = {isa = PBXBuildFile; fileRef = F0D596D323A28CCE0005C76F /* JSONMockData.swift */; };
		F0D596DC23A297710005C76F /* ChatEndToEndTests.swift in Sources */ = {isa = PBXBuildFile; fileRef = F0D596DB23A297710005C76F /* ChatEndToEndTests.swift */; };
		F0D596E323A2A1C60005C76F /* ChatDefaultComposition.swift in Sources */ = {isa = PBXBuildFile; fileRef = F0D5969C23A0011F0005C76F /* ChatDefaultComposition.swift */; };
		F0D596E423A2A1CF0005C76F /* ClientMediator.swift in Sources */ = {isa = PBXBuildFile; fileRef = F0E77A2A23749377002AB76E /* ClientMediator.swift */; };
		F0D596E523A2A1D40005C76F /* SmoochChatClient.swift in Sources */ = {isa = PBXBuildFile; fileRef = F0E77A2323749377002AB76E /* SmoochChatClient.swift */; };
		F0D596E723A2A1DB0005C76F /* DefaultStorage.swift in Sources */ = {isa = PBXBuildFile; fileRef = F0ACDF40238BD43C003043E9 /* DefaultStorage.swift */; };
		F0D596E823A2A1DF0005C76F /* Jwt.swift in Sources */ = {isa = PBXBuildFile; fileRef = F07D76B8239D089500063190 /* Jwt.swift */; };
		F0D596E923A2A1E40005C76F /* TokenBasedClientStrategy.swift in Sources */ = {isa = PBXBuildFile; fileRef = F07D76A5239CF19A00063190 /* TokenBasedClientStrategy.swift */; };
		F0D596EC23A2A4740005C76F /* ChatClient.swift in Sources */ = {isa = PBXBuildFile; fileRef = F0E77A2923749377002AB76E /* ChatClient.swift */; };
		F0D596EE23A2A49B0005C76F /* RemoteAppIdLoader.swift in Sources */ = {isa = PBXBuildFile; fileRef = F0E77A2523749377002AB76E /* RemoteAppIdLoader.swift */; };
		F0D596EF23A2A49E0005C76F /* RemoteClientTokenLoader.swift in Sources */ = {isa = PBXBuildFile; fileRef = F0E77A2723749377002AB76E /* RemoteClientTokenLoader.swift */; };
		F0D596F023A2A4A90005C76F /* Storage.swift in Sources */ = {isa = PBXBuildFile; fileRef = F07D76C7239D18A800063190 /* Storage.swift */; };
		F0D596F123A2A4B00005C76F /* ClientProcessStrategy.swift in Sources */ = {isa = PBXBuildFile; fileRef = F07D76CB239D367C00063190 /* ClientProcessStrategy.swift */; };
		F0D596F223A2A4B70005C76F /* ChatVendorAppId.swift in Sources */ = {isa = PBXBuildFile; fileRef = F0E77A2023749377002AB76E /* ChatVendorAppId.swift */; };
		F0D596F323A2A4C40005C76F /* ResponseHeader.swift in Sources */ = {isa = PBXBuildFile; fileRef = F0E77A2123749377002AB76E /* ResponseHeader.swift */; };
		F0D596F423A2A4C80005C76F /* ResponseMetadata.swift in Sources */ = {isa = PBXBuildFile; fileRef = F0E77A1E23749377002AB76E /* ResponseMetadata.swift */; };
		F0D596F523A2A4D00005C76F /* JwtDefaultParser.swift in Sources */ = {isa = PBXBuildFile; fileRef = F07D76BA239D089500063190 /* JwtDefaultParser.swift */; };
		F0D596F623A2A4D50005C76F /* ChatVendorToken.swift in Sources */ = {isa = PBXBuildFile; fileRef = F0E77A1F23749377002AB76E /* ChatVendorToken.swift */; };
		F0D596F923A6619D0005C76F /* Commands.swift in Sources */ = {isa = PBXBuildFile; fileRef = F0D596F823A6619D0005C76F /* Commands.swift */; };
		F0D596FA23A662080005C76F /* Commands.swift in Sources */ = {isa = PBXBuildFile; fileRef = F0D596F823A6619D0005C76F /* Commands.swift */; };
		F0D596FC23A66AEE0005C76F /* Result+Block.swift in Sources */ = {isa = PBXBuildFile; fileRef = F0D596FB23A66AEE0005C76F /* Result+Block.swift */; };
		F0D596FF23A66DF10005C76F /* ClientUI.swift in Sources */ = {isa = PBXBuildFile; fileRef = F0D596FE23A66DF10005C76F /* ClientUI.swift */; };
		F0D5970223A682630005C76F /* SmoochChatUI.swift in Sources */ = {isa = PBXBuildFile; fileRef = F0D5970123A682630005C76F /* SmoochChatUI.swift */; };
		F0E4F94B2382ED3C0024E427 /* RemoteIdentityStoreLoader.swift in Sources */ = {isa = PBXBuildFile; fileRef = F0E4F94A2382ED3C0024E427 /* RemoteIdentityStoreLoader.swift */; };
		F0E4F94D2382EE760024E427 /* RemoteIdentityStoreLoaderTests.swift in Sources */ = {isa = PBXBuildFile; fileRef = F0E4F94C2382EE760024E427 /* RemoteIdentityStoreLoaderTests.swift */; };
		F0E4F96223867FC90024E427 /* IdentityStoreModel.swift in Sources */ = {isa = PBXBuildFile; fileRef = F0E4F96123867FC90024E427 /* IdentityStoreModel.swift */; };
		F0E779EC2374932C002AB76E /* AppDelegate.swift in Sources */ = {isa = PBXBuildFile; fileRef = F0E779EB2374932C002AB76E /* AppDelegate.swift */; };
		F0E779F02374932C002AB76E /* ViewController.swift in Sources */ = {isa = PBXBuildFile; fileRef = F0E779EF2374932C002AB76E /* ViewController.swift */; };
		F0E779F32374932C002AB76E /* Main.storyboard in Resources */ = {isa = PBXBuildFile; fileRef = F0E779F12374932C002AB76E /* Main.storyboard */; };
		F0E779F52374932D002AB76E /* Assets.xcassets in Resources */ = {isa = PBXBuildFile; fileRef = F0E779F42374932D002AB76E /* Assets.xcassets */; };
		F0E779F82374932D002AB76E /* LaunchScreen.storyboard in Resources */ = {isa = PBXBuildFile; fileRef = F0E779F62374932D002AB76E /* LaunchScreen.storyboard */; };
		F0E77A032374932D002AB76E /* Helper.swift in Sources */ = {isa = PBXBuildFile; fileRef = F0E77A022374932D002AB76E /* Helper.swift */; };
		F0E77A152374934C002AB76E /* RmoteAppIdLoaderTests.swift in Sources */ = {isa = PBXBuildFile; fileRef = F0E77A0E2374934C002AB76E /* RmoteAppIdLoaderTests.swift */; };
		F0E77A172374934C002AB76E /* ClientMediatorTests.swift in Sources */ = {isa = PBXBuildFile; fileRef = F0E77A102374934C002AB76E /* ClientMediatorTests.swift */; };
		F0E77A182374934C002AB76E /* RemoteChatTokenLoaderTests.swift in Sources */ = {isa = PBXBuildFile; fileRef = F0E77A112374934C002AB76E /* RemoteChatTokenLoaderTests.swift */; };
		F0E77A192374934C002AB76E /* BuilderHelper.swift in Sources */ = {isa = PBXBuildFile; fileRef = F0E77A132374934C002AB76E /* BuilderHelper.swift */; };
		F0E77A2B23749377002AB76E /* ResponseMetadata.swift in Sources */ = {isa = PBXBuildFile; fileRef = F0E77A1E23749377002AB76E /* ResponseMetadata.swift */; };
		F0E77A2C23749377002AB76E /* ChatVendorToken.swift in Sources */ = {isa = PBXBuildFile; fileRef = F0E77A1F23749377002AB76E /* ChatVendorToken.swift */; };
		F0E77A2D23749377002AB76E /* ChatVendorAppId.swift in Sources */ = {isa = PBXBuildFile; fileRef = F0E77A2023749377002AB76E /* ChatVendorAppId.swift */; };
		F0E77A2E23749377002AB76E /* ResponseHeader.swift in Sources */ = {isa = PBXBuildFile; fileRef = F0E77A2123749377002AB76E /* ResponseHeader.swift */; };
		F0E77A2F23749377002AB76E /* SmoochChatClient.swift in Sources */ = {isa = PBXBuildFile; fileRef = F0E77A2323749377002AB76E /* SmoochChatClient.swift */; };
		F0E77A3023749377002AB76E /* RemoteAppIdLoader.swift in Sources */ = {isa = PBXBuildFile; fileRef = F0E77A2523749377002AB76E /* RemoteAppIdLoader.swift */; };
		F0E77A3223749377002AB76E /* RemoteClientTokenLoader.swift in Sources */ = {isa = PBXBuildFile; fileRef = F0E77A2723749377002AB76E /* RemoteClientTokenLoader.swift */; };
		F0E77A3323749377002AB76E /* ChatClient.swift in Sources */ = {isa = PBXBuildFile; fileRef = F0E77A2923749377002AB76E /* ChatClient.swift */; };
		F0E77A3423749377002AB76E /* ClientMediator.swift in Sources */ = {isa = PBXBuildFile; fileRef = F0E77A2A23749377002AB76E /* ClientMediator.swift */; };
		FBB4BC6808F62DC8820AFD5C /* libPods-ChatEndToEndTests.a in Frameworks */ = {isa = PBXBuildFile; fileRef = D0B3054403D94956EE17372E /* libPods-ChatEndToEndTests.a */; };
/* End PBXBuildFile section */

/* Begin PBXContainerItemProxy section */
		F062120923CF346000F36790 /* PBXContainerItemProxy */ = {
			isa = PBXContainerItemProxy;
			containerPortal = F0E779E02374932C002AB76E /* Project object */;
			proxyType = 1;
			remoteGlobalIDString = F0E779E72374932C002AB76E;
			remoteInfo = TDDChatProject;
		};
		F0D596DE23A297710005C76F /* PBXContainerItemProxy */ = {
			isa = PBXContainerItemProxy;
			containerPortal = F0E779E02374932C002AB76E /* Project object */;
			proxyType = 1;
			remoteGlobalIDString = F0E779E72374932C002AB76E;
			remoteInfo = TDDChatProject;
		};
		F0E779FF2374932D002AB76E /* PBXContainerItemProxy */ = {
			isa = PBXContainerItemProxy;
			containerPortal = F0E779E02374932C002AB76E /* Project object */;
			proxyType = 1;
			remoteGlobalIDString = F0E779E72374932C002AB76E;
			remoteInfo = TDDChatProject;
		};
/* End PBXContainerItemProxy section */

/* Begin PBXFileReference section */
		20036174A8DC5C34C1B980C3 /* libPods-TDDChatProject.a */ = {isa = PBXFileReference; explicitFileType = archive.ar; includeInIndex = 0; path = "libPods-TDDChatProject.a"; sourceTree = BUILT_PRODUCTS_DIR; };
		2512929E088E23D03FA3D872 /* Pods-ChatEndToEndTests.release.xcconfig */ = {isa = PBXFileReference; includeInIndex = 1; lastKnownFileType = text.xcconfig; name = "Pods-ChatEndToEndTests.release.xcconfig"; path = "Target Support Files/Pods-ChatEndToEndTests/Pods-ChatEndToEndTests.release.xcconfig"; sourceTree = "<group>"; };
		4F20C3F7E5D2FCBE63A4F2CA /* Pods-TDDChatProject.debug.xcconfig */ = {isa = PBXFileReference; includeInIndex = 1; lastKnownFileType = text.xcconfig; name = "Pods-TDDChatProject.debug.xcconfig"; path = "Target Support Files/Pods-TDDChatProject/Pods-TDDChatProject.debug.xcconfig"; sourceTree = "<group>"; };
		771CED41378EF474964900F1 /* Pods-TDDChatProject.release.xcconfig */ = {isa = PBXFileReference; includeInIndex = 1; lastKnownFileType = text.xcconfig; name = "Pods-TDDChatProject.release.xcconfig"; path = "Target Support Files/Pods-TDDChatProject/Pods-TDDChatProject.release.xcconfig"; sourceTree = "<group>"; };
		7BC882221C0B36BD3267C456 /* Pods-ChatEndToEndTests.debug.xcconfig */ = {isa = PBXFileReference; includeInIndex = 1; lastKnownFileType = text.xcconfig; name = "Pods-ChatEndToEndTests.debug.xcconfig"; path = "Target Support Files/Pods-ChatEndToEndTests/Pods-ChatEndToEndTests.debug.xcconfig"; sourceTree = "<group>"; };
		D0B3054403D94956EE17372E /* libPods-ChatEndToEndTests.a */ = {isa = PBXFileReference; explicitFileType = archive.ar; includeInIndex = 0; path = "libPods-ChatEndToEndTests.a"; sourceTree = BUILT_PRODUCTS_DIR; };
		F000671523B3A4530008B2C5 /* Dictionary+toData.swift */ = {isa = PBXFileReference; lastKnownFileType = sourcecode.swift; path = "Dictionary+toData.swift"; sourceTree = "<group>"; };
		F05E7EE723990E6C00389F76 /* ChatClientSpy.swift */ = {isa = PBXFileReference; lastKnownFileType = sourcecode.swift; path = ChatClientSpy.swift; sourceTree = "<group>"; };
		F060145223CF47FE00216AA0 /* JSONMockData.swift */ = {isa = PBXFileReference; lastKnownFileType = sourcecode.swift; path = JSONMockData.swift; sourceTree = "<group>"; };
		F060145423CF486300216AA0 /* BuilderHelper.swift */ = {isa = PBXFileReference; lastKnownFileType = sourcecode.swift; path = BuilderHelper.swift; sourceTree = "<group>"; };
		F062120423CF346000F36790 /* Integration.xctest */ = {isa = PBXFileReference; explicitFileType = wrapper.cfbundle; includeInIndex = 0; path = Integration.xctest; sourceTree = BUILT_PRODUCTS_DIR; };
		F062120623CF346000F36790 /* IdentityStoreIntegrationTests.swift */ = {isa = PBXFileReference; lastKnownFileType = sourcecode.swift; path = IdentityStoreIntegrationTests.swift; sourceTree = "<group>"; };
		F062120823CF346000F36790 /* Info.plist */ = {isa = PBXFileReference; lastKnownFileType = text.plist.xml; path = Info.plist; sourceTree = "<group>"; };
		F062120F23CF355900F36790 /* UserDefaultStorageMock.swift */ = {isa = PBXFileReference; lastKnownFileType = sourcecode.swift; path = UserDefaultStorageMock.swift; sourceTree = "<group>"; };
		F062121123CF3B3D00F36790 /* ClientMediatorIntegrationTests.swift */ = {isa = PBXFileReference; lastKnownFileType = sourcecode.swift; path = ClientMediatorIntegrationTests.swift; sourceTree = "<group>"; };
		F062121323CF3B7400F36790 /* Loaders.swift */ = {isa = PBXFileReference; lastKnownFileType = sourcecode.swift; path = Loaders.swift; sourceTree = "<group>"; };
		F062121523CF3C9700F36790 /* ChatClientSpy.swift */ = {isa = PBXFileReference; lastKnownFileType = sourcecode.swift; path = ChatClientSpy.swift; sourceTree = "<group>"; };
		F063F0A923954F3200F9E770 /* UserDefaultStorageMock.swift */ = {isa = PBXFileReference; lastKnownFileType = sourcecode.swift; path = UserDefaultStorageMock.swift; sourceTree = "<group>"; };
		F06835B023CDFABC008BD473 /* AccessTokenMockAdapter.swift */ = {isa = PBXFileReference; lastKnownFileType = sourcecode.swift; path = AccessTokenMockAdapter.swift; sourceTree = "<group>"; };
		F07D76A5239CF19A00063190 /* TokenBasedClientStrategy.swift */ = {isa = PBXFileReference; lastKnownFileType = sourcecode.swift; path = TokenBasedClientStrategy.swift; sourceTree = "<group>"; };
		F07D76A7239CF1B600063190 /* ClientProcessStrategyTests.swift */ = {isa = PBXFileReference; lastKnownFileType = sourcecode.swift; path = ClientProcessStrategyTests.swift; sourceTree = "<group>"; };
		F07D76B8239D089500063190 /* Jwt.swift */ = {isa = PBXFileReference; fileEncoding = 4; lastKnownFileType = sourcecode.swift; path = Jwt.swift; sourceTree = "<group>"; };
		F07D76B9239D089500063190 /* Jwt.h */ = {isa = PBXFileReference; fileEncoding = 4; lastKnownFileType = sourcecode.c.h; path = Jwt.h; sourceTree = "<group>"; };
		F07D76BA239D089500063190 /* JwtDefaultParser.swift */ = {isa = PBXFileReference; fileEncoding = 4; lastKnownFileType = sourcecode.swift; path = JwtDefaultParser.swift; sourceTree = "<group>"; };
		F07D76C0239D08A800063190 /* JwtTests.swift */ = {isa = PBXFileReference; fileEncoding = 4; lastKnownFileType = sourcecode.swift; path = JwtTests.swift; sourceTree = "<group>"; };
		F07D76C7239D18A800063190 /* Storage.swift */ = {isa = PBXFileReference; fileEncoding = 4; lastKnownFileType = sourcecode.swift; path = Storage.swift; sourceTree = "<group>"; };
		F07D76C9239D2DF900063190 /* DefaultStorageTests.swift */ = {isa = PBXFileReference; fileEncoding = 4; lastKnownFileType = sourcecode.swift; path = DefaultStorageTests.swift; sourceTree = "<group>"; };
		F07D76CB239D367C00063190 /* ClientProcessStrategy.swift */ = {isa = PBXFileReference; lastKnownFileType = sourcecode.swift; path = ClientProcessStrategy.swift; sourceTree = "<group>"; };
		F09B0B0323E1E225001C1DAB /* AccessTokenSpyRemoteAdapter.swift */ = {isa = PBXFileReference; lastKnownFileType = sourcecode.swift; path = AccessTokenSpyRemoteAdapter.swift; sourceTree = "<group>"; };
		F09B0B0A23E1E28C001C1DAB /* AccessTokenPingAdapter.swift */ = {isa = PBXFileReference; lastKnownFileType = sourcecode.swift; path = AccessTokenPingAdapter.swift; sourceTree = "<group>"; };
		F09B0B0E23E1E73D001C1DAB /* AccessToken.swift */ = {isa = PBXFileReference; lastKnownFileType = sourcecode.swift; path = AccessToken.swift; sourceTree = "<group>"; };
		F09B0B2A23E1EA2E001C1DAB /* RemoteAccessTokenSpyLoader.swift */ = {isa = PBXFileReference; fileEncoding = 4; lastKnownFileType = sourcecode.swift; path = RemoteAccessTokenSpyLoader.swift; sourceTree = "<group>"; };
		F0A2A62123E82F670004A1C1 /* ChatConversation.swift */ = {isa = PBXFileReference; lastKnownFileType = sourcecode.swift; path = ChatConversation.swift; sourceTree = "<group>"; };
		F0A2A62323E849BD0004A1C1 /* SmoochConversation.swift */ = {isa = PBXFileReference; lastKnownFileType = sourcecode.swift; path = SmoochConversation.swift; sourceTree = "<group>"; };
		F0A2A62F23EA9B380004A1C1 /* ObserversCombainAdapterTests.swift */ = {isa = PBXFileReference; lastKnownFileType = sourcecode.swift; path = ObserversCombainAdapterTests.swift; sourceTree = "<group>"; };
		F0A2A63123EA9C340004A1C1 /* ObserversCombainAdapter.swift */ = {isa = PBXFileReference; lastKnownFileType = sourcecode.swift; path = ObserversCombainAdapter.swift; sourceTree = "<group>"; };
		F0A3C9D023E1F36F000CD5FC /* Int+Loop.swift */ = {isa = PBXFileReference; lastKnownFileType = sourcecode.swift; path = "Int+Loop.swift"; sourceTree = "<group>"; };
		F0A457B023EAC1D20076A777 /* URLS+Base.swift */ = {isa = PBXFileReference; lastKnownFileType = sourcecode.swift; path = "URLS+Base.swift"; sourceTree = "<group>"; };
		F0A457B323EAC3AF0076A777 /* URLS+Auth.swift */ = {isa = PBXFileReference; lastKnownFileType = sourcecode.swift; path = "URLS+Auth.swift"; sourceTree = "<group>"; };
		F0A457B523EAC3F20076A777 /* URLS+STS.swift */ = {isa = PBXFileReference; lastKnownFileType = sourcecode.swift; path = "URLS+STS.swift"; sourceTree = "<group>"; };
		F0A457B723EAC4670076A777 /* URLS+IdentityStore.swift */ = {isa = PBXFileReference; lastKnownFileType = sourcecode.swift; path = "URLS+IdentityStore.swift"; sourceTree = "<group>"; };
		F0A457BA23EACEB70076A777 /* Configuration+Env.swift */ = {isa = PBXFileReference; lastKnownFileType = sourcecode.swift; path = "Configuration+Env.swift"; sourceTree = "<group>"; };
		F0A457CB23EC76960076A777 /* XCTestCase+Helper.swift */ = {isa = PBXFileReference; lastKnownFileType = sourcecode.swift; path = "XCTestCase+Helper.swift"; sourceTree = "<group>"; };
		F0A457CD23EC77020076A777 /* Clients+Helper.swift */ = {isa = PBXFileReference; lastKnownFileType = sourcecode.swift; path = "Clients+Helper.swift"; sourceTree = "<group>"; };
		F0ACDF2F238AC178003043E9 /* IdentityStoreController.swift */ = {isa = PBXFileReference; lastKnownFileType = sourcecode.swift; path = IdentityStoreController.swift; sourceTree = "<group>"; };
		F0ACDF3D238BD353003043E9 /* IdentityStoreControllerTests.swift */ = {isa = PBXFileReference; lastKnownFileType = sourcecode.swift; path = IdentityStoreControllerTests.swift; sourceTree = "<group>"; };
		F0ACDF40238BD43C003043E9 /* DefaultStorage.swift */ = {isa = PBXFileReference; lastKnownFileType = sourcecode.swift; path = DefaultStorage.swift; sourceTree = "<group>"; };
		F0ACDF42238BE3A1003043E9 /* IdentityStoreResponseHelper.swift */ = {isa = PBXFileReference; lastKnownFileType = sourcecode.swift; path = IdentityStoreResponseHelper.swift; sourceTree = "<group>"; };
		F0D5969C23A0011F0005C76F /* ChatDefaultComposition.swift */ = {isa = PBXFileReference; lastKnownFileType = sourcecode.swift; path = ChatDefaultComposition.swift; sourceTree = "<group>"; };
		F0D596D323A28CCE0005C76F /* JSONMockData.swift */ = {isa = PBXFileReference; lastKnownFileType = sourcecode.swift; path = JSONMockData.swift; sourceTree = "<group>"; };
		F0D596D923A297710005C76F /* ChatEndToEndTests.xctest */ = {isa = PBXFileReference; explicitFileType = wrapper.cfbundle; includeInIndex = 0; path = ChatEndToEndTests.xctest; sourceTree = BUILT_PRODUCTS_DIR; };
		F0D596DB23A297710005C76F /* ChatEndToEndTests.swift */ = {isa = PBXFileReference; lastKnownFileType = sourcecode.swift; path = ChatEndToEndTests.swift; sourceTree = "<group>"; };
		F0D596DD23A297710005C76F /* Info.plist */ = {isa = PBXFileReference; lastKnownFileType = text.plist.xml; path = Info.plist; sourceTree = "<group>"; };
		F0D596EA23A2A2590005C76F /* libPods-TDDChatProject.a */ = {isa = PBXFileReference; explicitFileType = archive.ar; path = "libPods-TDDChatProject.a"; sourceTree = BUILT_PRODUCTS_DIR; };
		F0D596F823A6619D0005C76F /* Commands.swift */ = {isa = PBXFileReference; lastKnownFileType = sourcecode.swift; path = Commands.swift; sourceTree = "<group>"; };
		F0D596FB23A66AEE0005C76F /* Result+Block.swift */ = {isa = PBXFileReference; lastKnownFileType = sourcecode.swift; path = "Result+Block.swift"; sourceTree = "<group>"; };
		F0D596FE23A66DF10005C76F /* ClientUI.swift */ = {isa = PBXFileReference; lastKnownFileType = sourcecode.swift; path = ClientUI.swift; sourceTree = "<group>"; };
		F0D5970123A682630005C76F /* SmoochChatUI.swift */ = {isa = PBXFileReference; lastKnownFileType = sourcecode.swift; path = SmoochChatUI.swift; sourceTree = "<group>"; };
		F0E4F94A2382ED3C0024E427 /* RemoteIdentityStoreLoader.swift */ = {isa = PBXFileReference; lastKnownFileType = sourcecode.swift; path = RemoteIdentityStoreLoader.swift; sourceTree = "<group>"; };
		F0E4F94C2382EE760024E427 /* RemoteIdentityStoreLoaderTests.swift */ = {isa = PBXFileReference; lastKnownFileType = sourcecode.swift; path = RemoteIdentityStoreLoaderTests.swift; sourceTree = "<group>"; };
		F0E4F96123867FC90024E427 /* IdentityStoreModel.swift */ = {isa = PBXFileReference; lastKnownFileType = sourcecode.swift; path = IdentityStoreModel.swift; sourceTree = "<group>"; };
		F0E779E82374932C002AB76E /* TDDChatProject.app */ = {isa = PBXFileReference; explicitFileType = wrapper.application; includeInIndex = 0; path = TDDChatProject.app; sourceTree = BUILT_PRODUCTS_DIR; };
		F0E779EB2374932C002AB76E /* AppDelegate.swift */ = {isa = PBXFileReference; lastKnownFileType = sourcecode.swift; path = AppDelegate.swift; sourceTree = "<group>"; };
		F0E779EF2374932C002AB76E /* ViewController.swift */ = {isa = PBXFileReference; lastKnownFileType = sourcecode.swift; path = ViewController.swift; sourceTree = "<group>"; };
		F0E779F22374932C002AB76E /* Base */ = {isa = PBXFileReference; lastKnownFileType = file.storyboard; name = Base; path = Base.lproj/Main.storyboard; sourceTree = "<group>"; };
		F0E779F42374932D002AB76E /* Assets.xcassets */ = {isa = PBXFileReference; lastKnownFileType = folder.assetcatalog; path = Assets.xcassets; sourceTree = "<group>"; };
		F0E779F72374932D002AB76E /* Base */ = {isa = PBXFileReference; lastKnownFileType = file.storyboard; name = Base; path = Base.lproj/LaunchScreen.storyboard; sourceTree = "<group>"; };
		F0E779F92374932D002AB76E /* Info.plist */ = {isa = PBXFileReference; lastKnownFileType = text.plist.xml; path = Info.plist; sourceTree = "<group>"; };
		F0E779FE2374932D002AB76E /* TDDChatProjectTests.xctest */ = {isa = PBXFileReference; explicitFileType = wrapper.cfbundle; includeInIndex = 0; path = TDDChatProjectTests.xctest; sourceTree = BUILT_PRODUCTS_DIR; };
		F0E77A022374932D002AB76E /* Helper.swift */ = {isa = PBXFileReference; lastKnownFileType = sourcecode.swift; path = Helper.swift; sourceTree = "<group>"; };
		F0E77A042374932D002AB76E /* Info.plist */ = {isa = PBXFileReference; lastKnownFileType = text.plist.xml; path = Info.plist; sourceTree = "<group>"; };
		F0E77A0E2374934C002AB76E /* RmoteAppIdLoaderTests.swift */ = {isa = PBXFileReference; fileEncoding = 4; lastKnownFileType = sourcecode.swift; path = RmoteAppIdLoaderTests.swift; sourceTree = "<group>"; };
		F0E77A102374934C002AB76E /* ClientMediatorTests.swift */ = {isa = PBXFileReference; fileEncoding = 4; lastKnownFileType = sourcecode.swift; path = ClientMediatorTests.swift; sourceTree = "<group>"; };
		F0E77A112374934C002AB76E /* RemoteChatTokenLoaderTests.swift */ = {isa = PBXFileReference; fileEncoding = 4; lastKnownFileType = sourcecode.swift; path = RemoteChatTokenLoaderTests.swift; sourceTree = "<group>"; };
		F0E77A132374934C002AB76E /* BuilderHelper.swift */ = {isa = PBXFileReference; fileEncoding = 4; lastKnownFileType = sourcecode.swift; path = BuilderHelper.swift; sourceTree = "<group>"; };
		F0E77A1E23749377002AB76E /* ResponseMetadata.swift */ = {isa = PBXFileReference; fileEncoding = 4; lastKnownFileType = sourcecode.swift; path = ResponseMetadata.swift; sourceTree = "<group>"; };
		F0E77A1F23749377002AB76E /* ChatVendorToken.swift */ = {isa = PBXFileReference; fileEncoding = 4; lastKnownFileType = sourcecode.swift; path = ChatVendorToken.swift; sourceTree = "<group>"; };
		F0E77A2023749377002AB76E /* ChatVendorAppId.swift */ = {isa = PBXFileReference; fileEncoding = 4; lastKnownFileType = sourcecode.swift; path = ChatVendorAppId.swift; sourceTree = "<group>"; };
		F0E77A2123749377002AB76E /* ResponseHeader.swift */ = {isa = PBXFileReference; fileEncoding = 4; lastKnownFileType = sourcecode.swift; path = ResponseHeader.swift; sourceTree = "<group>"; };
		F0E77A2323749377002AB76E /* SmoochChatClient.swift */ = {isa = PBXFileReference; fileEncoding = 4; lastKnownFileType = sourcecode.swift; path = SmoochChatClient.swift; sourceTree = "<group>"; };
		F0E77A2523749377002AB76E /* RemoteAppIdLoader.swift */ = {isa = PBXFileReference; fileEncoding = 4; lastKnownFileType = sourcecode.swift; path = RemoteAppIdLoader.swift; sourceTree = "<group>"; };
		F0E77A2723749377002AB76E /* RemoteClientTokenLoader.swift */ = {isa = PBXFileReference; fileEncoding = 4; lastKnownFileType = sourcecode.swift; path = RemoteClientTokenLoader.swift; sourceTree = "<group>"; };
		F0E77A2923749377002AB76E /* ChatClient.swift */ = {isa = PBXFileReference; fileEncoding = 4; lastKnownFileType = sourcecode.swift; path = ChatClient.swift; sourceTree = "<group>"; };
		F0E77A2A23749377002AB76E /* ClientMediator.swift */ = {isa = PBXFileReference; fileEncoding = 4; lastKnownFileType = sourcecode.swift; path = ClientMediator.swift; sourceTree = "<group>"; };
/* End PBXFileReference section */

/* Begin PBXFrameworksBuildPhase section */
		F062120123CF346000F36790 /* Frameworks */ = {
			isa = PBXFrameworksBuildPhase;
			buildActionMask = 2147483647;
			files = (
			);
			runOnlyForDeploymentPostprocessing = 0;
		};
		F0D596D623A297710005C76F /* Frameworks */ = {
			isa = PBXFrameworksBuildPhase;
			buildActionMask = 2147483647;
			files = (
				FBB4BC6808F62DC8820AFD5C /* libPods-ChatEndToEndTests.a in Frameworks */,
			);
			runOnlyForDeploymentPostprocessing = 0;
		};
		F0E779E52374932C002AB76E /* Frameworks */ = {
			isa = PBXFrameworksBuildPhase;
			buildActionMask = 2147483647;
			files = (
				F06211D123CE164B00F36790 /* lit-networking in Frameworks */,
				406B701EAAA0474D5FD18E48 /* libPods-TDDChatProject.a in Frameworks */,
				966377ABFB3D85CA2B2EE5A2 /* libPods-TDDChatProject.a in Frameworks */,
			);
			runOnlyForDeploymentPostprocessing = 0;
		};
		F0E779FB2374932D002AB76E /* Frameworks */ = {
			isa = PBXFrameworksBuildPhase;
			buildActionMask = 2147483647;
			files = (
			);
			runOnlyForDeploymentPostprocessing = 0;
		};
/* End PBXFrameworksBuildPhase section */

/* Begin PBXGroup section */
		922A2F6EC8C97604250E31AA /* Frameworks */ = {
			isa = PBXGroup;
			children = (
				F0D596EA23A2A2590005C76F /* libPods-TDDChatProject.a */,
				20036174A8DC5C34C1B980C3 /* libPods-TDDChatProject.a */,
				D0B3054403D94956EE17372E /* libPods-ChatEndToEndTests.a */,
			);
			name = Frameworks;
			sourceTree = "<group>";
		};
		F0304F1523BCAE71002EDACA /* Remote Loaders */ = {
			isa = PBXGroup;
			children = (
				F09B0B2A23E1EA2E001C1DAB /* RemoteAccessTokenSpyLoader.swift */,
				F0E77A2523749377002AB76E /* RemoteAppIdLoader.swift */,
				F0E77A2723749377002AB76E /* RemoteClientTokenLoader.swift */,
				F0E4F94A2382ED3C0024E427 /* RemoteIdentityStoreLoader.swift */,
			);
			path = "Remote Loaders";
			sourceTree = "<group>";
		};
		F062120523CF346000F36790 /* Integration */ = {
			isa = PBXGroup;
			children = (
				F062120E23CF354300F36790 /* Helpers */,
				F062121123CF3B3D00F36790 /* ClientMediatorIntegrationTests.swift */,
				F062120623CF346000F36790 /* IdentityStoreIntegrationTests.swift */,
				F062120823CF346000F36790 /* Info.plist */,
			);
			path = Integration;
			sourceTree = "<group>";
		};
		F062120E23CF354300F36790 /* Helpers */ = {
			isa = PBXGroup;
			children = (
				F062120F23CF355900F36790 /* UserDefaultStorageMock.swift */,
				F062121523CF3C9700F36790 /* ChatClientSpy.swift */,
				F060145223CF47FE00216AA0 /* JSONMockData.swift */,
				F060145423CF486300216AA0 /* BuilderHelper.swift */,
				F0A457CB23EC76960076A777 /* XCTestCase+Helper.swift */,
				F0A457CD23EC77020076A777 /* Clients+Helper.swift */,
			);
			path = Helpers;
			sourceTree = "<group>";
		};
		F07D76B7239D089500063190 /* Jwt */ = {
			isa = PBXGroup;
			children = (
				F07D76B8239D089500063190 /* Jwt.swift */,
				F07D76B9239D089500063190 /* Jwt.h */,
				F07D76BA239D089500063190 /* JwtDefaultParser.swift */,
			);
			path = Jwt;
			sourceTree = "<group>";
		};
		F07D76BF239D08A800063190 /* JwtTests */ = {
			isa = PBXGroup;
			children = (
				F07D76C0239D08A800063190 /* JwtTests.swift */,
			);
			path = JwtTests;
			sourceTree = "<group>";
		};
		F07D76C5239D08CE00063190 /* Frameworks */ = {
			isa = PBXGroup;
			children = (
				F07D76B7239D089500063190 /* Jwt */,
				F0ACDF31238BD05D003043E9 /* Storage */,
				F0A2A63323EA9ED20004A1C1 /* ObserversCombainAdapter */,
			);
			path = Frameworks;
			sourceTree = "<group>";
		};
		F07D76C6239D08E200063190 /* Frameworks */ = {
			isa = PBXGroup;
			children = (
				F07D76BF239D08A800063190 /* JwtTests */,
				F0ACDF34238BD09F003043E9 /* Storage Tests */,
			);
			path = Frameworks;
			sourceTree = "<group>";
		};
		F09B0B0823E1E258001C1DAB /* Client Medietor Strategies */ = {
			isa = PBXGroup;
			children = (
				F07D76A5239CF19A00063190 /* TokenBasedClientStrategy.swift */,
			);
			path = "Client Medietor Strategies";
			sourceTree = "<group>";
		};
		F09B0B0923E1E269001C1DAB /* Access Token Adapters */ = {
			isa = PBXGroup;
			children = (
				F06835B023CDFABC008BD473 /* AccessTokenMockAdapter.swift */,
				F09B0B0323E1E225001C1DAB /* AccessTokenSpyRemoteAdapter.swift */,
				F09B0B0A23E1E28C001C1DAB /* AccessTokenPingAdapter.swift */,
			);
			path = "Access Token Adapters";
			sourceTree = "<group>";
		};
		F0A2A62023E82F550004A1C1 /* Conversation */ = {
			isa = PBXGroup;
			children = (
				F0A2A62123E82F670004A1C1 /* ChatConversation.swift */,
			);
			path = Conversation;
			sourceTree = "<group>";
		};
		F0A2A62E23EA9ACF0004A1C1 /* ObservationAdapter Tests */ = {
			isa = PBXGroup;
			children = (
				F0A2A62F23EA9B380004A1C1 /* ObserversCombainAdapterTests.swift */,
			);
			path = "ObservationAdapter Tests";
			sourceTree = "<group>";
		};
		F0A2A63323EA9ED20004A1C1 /* ObserversCombainAdapter */ = {
			isa = PBXGroup;
			children = (
				F0A2A63123EA9C340004A1C1 /* ObserversCombainAdapter.swift */,
			);
			path = ObserversCombainAdapter;
			sourceTree = "<group>";
		};
		F0A457B223EAC3940076A777 /* URLS */ = {
			isa = PBXGroup;
			children = (
				F0A457B023EAC1D20076A777 /* URLS+Base.swift */,
				F0A457B323EAC3AF0076A777 /* URLS+Auth.swift */,
				F0A457B523EAC3F20076A777 /* URLS+STS.swift */,
				F0A457B723EAC4670076A777 /* URLS+IdentityStore.swift */,
			);
			path = URLS;
			sourceTree = "<group>";
		};
		F0A457B923EACE220076A777 /* Configuration */ = {
			isa = PBXGroup;
			children = (
				F0A457BA23EACEB70076A777 /* Configuration+Env.swift */,
			);
			path = Configuration;
			sourceTree = "<group>";
		};
		F0ACDF31238BD05D003043E9 /* Storage */ = {
			isa = PBXGroup;
			children = (
				F0ACDF32238BD06A003043E9 /* Protocol */,
				F0ACDF3F238BD42D003043E9 /* Implementations */,
				F0ACDF33238BD078003043E9 /* Business Logic */,
			);
			path = Storage;
			sourceTree = "<group>";
		};
		F0ACDF32238BD06A003043E9 /* Protocol */ = {
			isa = PBXGroup;
			children = (
				F07D76C7239D18A800063190 /* Storage.swift */,
			);
			path = Protocol;
			sourceTree = "<group>";
		};
		F0ACDF33238BD078003043E9 /* Business Logic */ = {
			isa = PBXGroup;
			children = (
			);
			path = "Business Logic";
			sourceTree = "<group>";
		};
		F0ACDF34238BD09F003043E9 /* Storage Tests */ = {
			isa = PBXGroup;
			children = (
				F07D76C9239D2DF900063190 /* DefaultStorageTests.swift */,
			);
			path = "Storage Tests";
			sourceTree = "<group>";
		};
		F0ACDF3F238BD42D003043E9 /* Implementations */ = {
			isa = PBXGroup;
			children = (
				F0ACDF40238BD43C003043E9 /* DefaultStorage.swift */,
			);
			path = Implementations;
			sourceTree = "<group>";
		};
		F0CEBFB323CC2F25005CF540 /* Loaders Tests */ = {
			isa = PBXGroup;
			children = (
				F0E77A0E2374934C002AB76E /* RmoteAppIdLoaderTests.swift */,
				F0E77A112374934C002AB76E /* RemoteChatTokenLoaderTests.swift */,
				F0E4F94C2382EE760024E427 /* RemoteIdentityStoreLoaderTests.swift */,
			);
			path = "Loaders Tests";
			sourceTree = "<group>";
		};
		F0D5969B23A001030005C76F /* Chat App Implementation */ = {
			isa = PBXGroup;
			children = (
				F0D5969C23A0011F0005C76F /* ChatDefaultComposition.swift */,
			);
			path = "Chat App Implementation";
			sourceTree = "<group>";
		};
		F0D596DA23A297710005C76F /* ChatEndToEndTests */ = {
			isa = PBXGroup;
			children = (
				F0D596DB23A297710005C76F /* ChatEndToEndTests.swift */,
				F0D596DD23A297710005C76F /* Info.plist */,
			);
			path = ChatEndToEndTests;
			sourceTree = "<group>";
		};
		F0D596FD23A66D410005C76F /* Extensions */ = {
			isa = PBXGroup;
			children = (
				F0D596FB23A66AEE0005C76F /* Result+Block.swift */,
				F000671523B3A4530008B2C5 /* Dictionary+toData.swift */,
				F0A3C9D023E1F36F000CD5FC /* Int+Loop.swift */,
			);
			path = Extensions;
			sourceTree = "<group>";
		};
		F0D5970023A682450005C76F /* Smooch */ = {
			isa = PBXGroup;
			children = (
				F0E77A2323749377002AB76E /* SmoochChatClient.swift */,
				F0D5970123A682630005C76F /* SmoochChatUI.swift */,
				F0A2A62323E849BD0004A1C1 /* SmoochConversation.swift */,
			);
			path = Smooch;
			sourceTree = "<group>";
		};
		F0E779DF2374932C002AB76E = {
			isa = PBXGroup;
			children = (
				F0E779EA2374932C002AB76E /* TDDChatProject */,
				F0E77A012374932D002AB76E /* TDDChatProjectTests */,
				F0D596DA23A297710005C76F /* ChatEndToEndTests */,
				F062120523CF346000F36790 /* Integration */,
				F0E779E92374932C002AB76E /* Products */,
				FC50F3F0D3E7A5617CC15EB5 /* Pods */,
				922A2F6EC8C97604250E31AA /* Frameworks */,
			);
			sourceTree = "<group>";
		};
		F0E779E92374932C002AB76E /* Products */ = {
			isa = PBXGroup;
			children = (
				F0E779E82374932C002AB76E /* TDDChatProject.app */,
				F0E779FE2374932D002AB76E /* TDDChatProjectTests.xctest */,
				F0D596D923A297710005C76F /* ChatEndToEndTests.xctest */,
				F062120423CF346000F36790 /* Integration.xctest */,
			);
			name = Products;
			sourceTree = "<group>";
		};
		F0E779EA2374932C002AB76E /* TDDChatProject */ = {
			isa = PBXGroup;
			children = (
				F07D76C5239D08CE00063190 /* Frameworks */,
				F0E77A1C23749377002AB76E /* Chat Framework */,
				F0E77A1B23749357002AB76E /* Platform Spesific */,
				F0E779F92374932D002AB76E /* Info.plist */,
			);
			path = TDDChatProject;
			sourceTree = "<group>";
		};
		F0E77A012374932D002AB76E /* TDDChatProjectTests */ = {
			isa = PBXGroup;
			children = (
				F0E77A042374932D002AB76E /* Info.plist */,
				F0E77A022374932D002AB76E /* Helper.swift */,
				F0E77A0D2374934C002AB76E /* Chat Framewotk Tests */,
				F07D76C6239D08E200063190 /* Frameworks */,
			);
			path = TDDChatProjectTests;
			sourceTree = "<group>";
		};
		F0E77A0D2374934C002AB76E /* Chat Framewotk Tests */ = {
			isa = PBXGroup;
			children = (
				F0A2A62E23EA9ACF0004A1C1 /* ObservationAdapter Tests */,
				F0E77A122374934C002AB76E /* Helpers */,
				F0CEBFB323CC2F25005CF540 /* Loaders Tests */,
				F0E77A102374934C002AB76E /* ClientMediatorTests.swift */,
				F0ACDF3D238BD353003043E9 /* IdentityStoreControllerTests.swift */,
				F07D76A7239CF1B600063190 /* ClientProcessStrategyTests.swift */,
			);
			path = "Chat Framewotk Tests";
			sourceTree = "<group>";
		};
		F0E77A122374934C002AB76E /* Helpers */ = {
			isa = PBXGroup;
			children = (
				F0E77A132374934C002AB76E /* BuilderHelper.swift */,
				F0ACDF42238BE3A1003043E9 /* IdentityStoreResponseHelper.swift */,
				F063F0A923954F3200F9E770 /* UserDefaultStorageMock.swift */,
				F05E7EE723990E6C00389F76 /* ChatClientSpy.swift */,
				F0D596D323A28CCE0005C76F /* JSONMockData.swift */,
			);
			path = Helpers;
			sourceTree = "<group>";
		};
		F0E77A1B23749357002AB76E /* Platform Spesific */ = {
			isa = PBXGroup;
			children = (
				F0D5969B23A001030005C76F /* Chat App Implementation */,
				F0E779EB2374932C002AB76E /* AppDelegate.swift */,
				F0E779EF2374932C002AB76E /* ViewController.swift */,
				F0E779F12374932C002AB76E /* Main.storyboard */,
				F0E779F42374932D002AB76E /* Assets.xcassets */,
				F0E779F62374932D002AB76E /* LaunchScreen.storyboard */,
			);
			path = "Platform Spesific";
			sourceTree = "<group>";
		};
		F0E77A1C23749377002AB76E /* Chat Framework */ = {
			isa = PBXGroup;
			children = (
				F0A457B923EACE220076A777 /* Configuration */,
				F0E77A1D23749377002AB76E /* Models */,
				F0E77A2423749377002AB76E /* API */,
				F0E77A2823749377002AB76E /* Business Logic */,
				F0E77A2223749377002AB76E /* Implementation */,
				F0D596FD23A66D410005C76F /* Extensions */,
			);
			path = "Chat Framework";
			sourceTree = "<group>";
		};
		F0E77A1D23749377002AB76E /* Models */ = {
			isa = PBXGroup;
			children = (
				F0E77A1E23749377002AB76E /* ResponseMetadata.swift */,
				F0E77A1F23749377002AB76E /* ChatVendorToken.swift */,
				F0E77A2023749377002AB76E /* ChatVendorAppId.swift */,
				F0E77A2123749377002AB76E /* ResponseHeader.swift */,
				F0E4F96123867FC90024E427 /* IdentityStoreModel.swift */,
				F09B0B0E23E1E73D001C1DAB /* AccessToken.swift */,
			);
			path = Models;
			sourceTree = "<group>";
		};
		F0E77A2223749377002AB76E /* Implementation */ = {
			isa = PBXGroup;
			children = (
				F0D5970023A682450005C76F /* Smooch */,
				F09B0B0823E1E258001C1DAB /* Client Medietor Strategies */,
				F09B0B0923E1E269001C1DAB /* Access Token Adapters */,
			);
			path = Implementation;
			sourceTree = "<group>";
		};
		F0E77A2423749377002AB76E /* API */ = {
			isa = PBXGroup;
			children = (
				F0304F1523BCAE71002EDACA /* Remote Loaders */,
				F0A457B223EAC3940076A777 /* URLS */,
			);
			path = API;
			sourceTree = "<group>";
		};
		F0E77A2823749377002AB76E /* Business Logic */ = {
			isa = PBXGroup;
			children = (
				F0A2A62023E82F550004A1C1 /* Conversation */,
				F0E77A2923749377002AB76E /* ChatClient.swift */,
				F07D76CB239D367C00063190 /* ClientProcessStrategy.swift */,
				F0E77A2A23749377002AB76E /* ClientMediator.swift */,
				F0ACDF2F238AC178003043E9 /* IdentityStoreController.swift */,
				F0D596F823A6619D0005C76F /* Commands.swift */,
				F0D596FE23A66DF10005C76F /* ClientUI.swift */,
				F062121323CF3B7400F36790 /* Loaders.swift */,
			);
			path = "Business Logic";
			sourceTree = "<group>";
		};
		FC50F3F0D3E7A5617CC15EB5 /* Pods */ = {
			isa = PBXGroup;
			children = (
				4F20C3F7E5D2FCBE63A4F2CA /* Pods-TDDChatProject.debug.xcconfig */,
				771CED41378EF474964900F1 /* Pods-TDDChatProject.release.xcconfig */,
				7BC882221C0B36BD3267C456 /* Pods-ChatEndToEndTests.debug.xcconfig */,
				2512929E088E23D03FA3D872 /* Pods-ChatEndToEndTests.release.xcconfig */,
			);
			path = Pods;
			sourceTree = "<group>";
		};
/* End PBXGroup section */

/* Begin PBXNativeTarget section */
		F062120323CF346000F36790 /* Integration */ = {
			isa = PBXNativeTarget;
			buildConfigurationList = F062120B23CF346000F36790 /* Build configuration list for PBXNativeTarget "Integration" */;
			buildPhases = (
				F062120023CF346000F36790 /* Sources */,
				F062120123CF346000F36790 /* Frameworks */,
				F062120223CF346000F36790 /* Resources */,
			);
			buildRules = (
			);
			dependencies = (
				F062120A23CF346000F36790 /* PBXTargetDependency */,
			);
			name = Integration;
			productName = Integration;
			productReference = F062120423CF346000F36790 /* Integration.xctest */;
			productType = "com.apple.product-type.bundle.unit-test";
		};
		F0D596D823A297710005C76F /* ChatEndToEndTests */ = {
			isa = PBXNativeTarget;
			buildConfigurationList = F0D596E023A297710005C76F /* Build configuration list for PBXNativeTarget "ChatEndToEndTests" */;
			buildPhases = (
				B71CDD3152AF4ACE0FBFFFB8 /* [CP] Check Pods Manifest.lock */,
				F0D596D523A297710005C76F /* Sources */,
				F0D596D623A297710005C76F /* Frameworks */,
				F0D596D723A297710005C76F /* Resources */,
				9FA954CB82A971EC00C4A256 /* [CP] Embed Pods Frameworks */,
			);
			buildRules = (
			);
			dependencies = (
				F0D596DF23A297710005C76F /* PBXTargetDependency */,
			);
			name = ChatEndToEndTests;
			productName = ChatEndToEndTests;
			productReference = F0D596D923A297710005C76F /* ChatEndToEndTests.xctest */;
			productType = "com.apple.product-type.bundle.unit-test";
		};
		F0E779E72374932C002AB76E /* TDDChatProject */ = {
			isa = PBXNativeTarget;
			buildConfigurationList = F0E77A072374932D002AB76E /* Build configuration list for PBXNativeTarget "TDDChatProject" */;
			buildPhases = (
				AB065C9C7FB72535DDD470B5 /* [CP] Check Pods Manifest.lock */,
				F0E779E42374932C002AB76E /* Sources */,
				F0E779E52374932C002AB76E /* Frameworks */,
				F0E779E62374932C002AB76E /* Resources */,
				8EB5C81E83375CC61BD6D81B /* [CP] Embed Pods Frameworks */,
			);
			buildRules = (
			);
			dependencies = (
			);
			name = TDDChatProject;
			packageProductDependencies = (
				F06211D023CE164B00F36790 /* lit-networking */,
			);
			productName = TDDChatProject;
			productReference = F0E779E82374932C002AB76E /* TDDChatProject.app */;
			productType = "com.apple.product-type.application";
		};
		F0E779FD2374932D002AB76E /* TDDChatProjectTests */ = {
			isa = PBXNativeTarget;
			buildConfigurationList = F0E77A0A2374932D002AB76E /* Build configuration list for PBXNativeTarget "TDDChatProjectTests" */;
			buildPhases = (
				F0E779FA2374932D002AB76E /* Sources */,
				F0E779FB2374932D002AB76E /* Frameworks */,
				F0E779FC2374932D002AB76E /* Resources */,
			);
			buildRules = (
			);
			dependencies = (
				F0E77A002374932D002AB76E /* PBXTargetDependency */,
			);
			name = TDDChatProjectTests;
			productName = TDDChatProjectTests;
			productReference = F0E779FE2374932D002AB76E /* TDDChatProjectTests.xctest */;
			productType = "com.apple.product-type.bundle.unit-test";
		};
/* End PBXNativeTarget section */

/* Begin PBXProject section */
		F0E779E02374932C002AB76E /* Project object */ = {
			isa = PBXProject;
			attributes = {
				LastSwiftUpdateCheck = 1110;
				LastUpgradeCheck = 1110;
				ORGANIZATIONNAME = CWT;
				TargetAttributes = {
					F062120323CF346000F36790 = {
						CreatedOnToolsVersion = 11.1;
						TestTargetID = F0E779E72374932C002AB76E;
					};
					F0D596D823A297710005C76F = {
						CreatedOnToolsVersion = 11.1;
						TestTargetID = F0E779E72374932C002AB76E;
					};
					F0E779E72374932C002AB76E = {
						CreatedOnToolsVersion = 11.1;
					};
					F0E779FD2374932D002AB76E = {
						CreatedOnToolsVersion = 11.1;
						TestTargetID = F0E779E72374932C002AB76E;
					};
				};
			};
			buildConfigurationList = F0E779E32374932C002AB76E /* Build configuration list for PBXProject "TDDChatProject" */;
			compatibilityVersion = "Xcode 9.3";
			developmentRegion = en;
			hasScannedForEncodings = 0;
			knownRegions = (
				en,
				Base,
			);
			mainGroup = F0E779DF2374932C002AB76E;
			packageReferences = (
				F06211CF23CE164B00F36790 /* XCRemoteSwiftPackageReference "lit-networking" */,
			);
			productRefGroup = F0E779E92374932C002AB76E /* Products */;
			projectDirPath = "";
			projectRoot = "";
			targets = (
				F0E779E72374932C002AB76E /* TDDChatProject */,
				F0E779FD2374932D002AB76E /* TDDChatProjectTests */,
				F0D596D823A297710005C76F /* ChatEndToEndTests */,
				F062120323CF346000F36790 /* Integration */,
			);
		};
/* End PBXProject section */

/* Begin PBXResourcesBuildPhase section */
		F062120223CF346000F36790 /* Resources */ = {
			isa = PBXResourcesBuildPhase;
			buildActionMask = 2147483647;
			files = (
			);
			runOnlyForDeploymentPostprocessing = 0;
		};
		F0D596D723A297710005C76F /* Resources */ = {
			isa = PBXResourcesBuildPhase;
			buildActionMask = 2147483647;
			files = (
			);
			runOnlyForDeploymentPostprocessing = 0;
		};
		F0E779E62374932C002AB76E /* Resources */ = {
			isa = PBXResourcesBuildPhase;
			buildActionMask = 2147483647;
			files = (
				F0E779F82374932D002AB76E /* LaunchScreen.storyboard in Resources */,
				F0E779F52374932D002AB76E /* Assets.xcassets in Resources */,
				F0E779F32374932C002AB76E /* Main.storyboard in Resources */,
			);
			runOnlyForDeploymentPostprocessing = 0;
		};
		F0E779FC2374932D002AB76E /* Resources */ = {
			isa = PBXResourcesBuildPhase;
			buildActionMask = 2147483647;
			files = (
			);
			runOnlyForDeploymentPostprocessing = 0;
		};
/* End PBXResourcesBuildPhase section */

/* Begin PBXShellScriptBuildPhase section */
		8EB5C81E83375CC61BD6D81B /* [CP] Embed Pods Frameworks */ = {
			isa = PBXShellScriptBuildPhase;
			buildActionMask = 2147483647;
			files = (
			);
			inputFileListPaths = (
				"${PODS_ROOT}/Target Support Files/Pods-TDDChatProject/Pods-TDDChatProject-frameworks-${CONFIGURATION}-input-files.xcfilelist",
			);
			name = "[CP] Embed Pods Frameworks";
			outputFileListPaths = (
				"${PODS_ROOT}/Target Support Files/Pods-TDDChatProject/Pods-TDDChatProject-frameworks-${CONFIGURATION}-output-files.xcfilelist",
			);
			runOnlyForDeploymentPostprocessing = 0;
			shellPath = /bin/sh;
			shellScript = "\"${PODS_ROOT}/Target Support Files/Pods-TDDChatProject/Pods-TDDChatProject-frameworks.sh\"\n";
			showEnvVarsInLog = 0;
		};
		9FA954CB82A971EC00C4A256 /* [CP] Embed Pods Frameworks */ = {
			isa = PBXShellScriptBuildPhase;
			buildActionMask = 2147483647;
			files = (
			);
			inputFileListPaths = (
				"${PODS_ROOT}/Target Support Files/Pods-ChatEndToEndTests/Pods-ChatEndToEndTests-frameworks-${CONFIGURATION}-input-files.xcfilelist",
			);
			name = "[CP] Embed Pods Frameworks";
			outputFileListPaths = (
				"${PODS_ROOT}/Target Support Files/Pods-ChatEndToEndTests/Pods-ChatEndToEndTests-frameworks-${CONFIGURATION}-output-files.xcfilelist",
			);
			runOnlyForDeploymentPostprocessing = 0;
			shellPath = /bin/sh;
			shellScript = "\"${PODS_ROOT}/Target Support Files/Pods-ChatEndToEndTests/Pods-ChatEndToEndTests-frameworks.sh\"\n";
			showEnvVarsInLog = 0;
		};
		AB065C9C7FB72535DDD470B5 /* [CP] Check Pods Manifest.lock */ = {
			isa = PBXShellScriptBuildPhase;
			buildActionMask = 2147483647;
			files = (
			);
			inputFileListPaths = (
			);
			inputPaths = (
				"${PODS_PODFILE_DIR_PATH}/Podfile.lock",
				"${PODS_ROOT}/Manifest.lock",
			);
			name = "[CP] Check Pods Manifest.lock";
			outputFileListPaths = (
			);
			outputPaths = (
				"$(DERIVED_FILE_DIR)/Pods-TDDChatProject-checkManifestLockResult.txt",
			);
			runOnlyForDeploymentPostprocessing = 0;
			shellPath = /bin/sh;
			shellScript = "diff \"${PODS_PODFILE_DIR_PATH}/Podfile.lock\" \"${PODS_ROOT}/Manifest.lock\" > /dev/null\nif [ $? != 0 ] ; then\n    # print error to STDERR\n    echo \"error: The sandbox is not in sync with the Podfile.lock. Run 'pod install' or update your CocoaPods installation.\" >&2\n    exit 1\nfi\n# This output is used by Xcode 'outputs' to avoid re-running this script phase.\necho \"SUCCESS\" > \"${SCRIPT_OUTPUT_FILE_0}\"\n";
			showEnvVarsInLog = 0;
		};
		B71CDD3152AF4ACE0FBFFFB8 /* [CP] Check Pods Manifest.lock */ = {
			isa = PBXShellScriptBuildPhase;
			buildActionMask = 2147483647;
			files = (
			);
			inputFileListPaths = (
			);
			inputPaths = (
				"${PODS_PODFILE_DIR_PATH}/Podfile.lock",
				"${PODS_ROOT}/Manifest.lock",
			);
			name = "[CP] Check Pods Manifest.lock";
			outputFileListPaths = (
			);
			outputPaths = (
				"$(DERIVED_FILE_DIR)/Pods-ChatEndToEndTests-checkManifestLockResult.txt",
			);
			runOnlyForDeploymentPostprocessing = 0;
			shellPath = /bin/sh;
			shellScript = "diff \"${PODS_PODFILE_DIR_PATH}/Podfile.lock\" \"${PODS_ROOT}/Manifest.lock\" > /dev/null\nif [ $? != 0 ] ; then\n    # print error to STDERR\n    echo \"error: The sandbox is not in sync with the Podfile.lock. Run 'pod install' or update your CocoaPods installation.\" >&2\n    exit 1\nfi\n# This output is used by Xcode 'outputs' to avoid re-running this script phase.\necho \"SUCCESS\" > \"${SCRIPT_OUTPUT_FILE_0}\"\n";
			showEnvVarsInLog = 0;
		};
/* End PBXShellScriptBuildPhase section */

/* Begin PBXSourcesBuildPhase section */
		F062120023CF346000F36790 /* Sources */ = {
			isa = PBXSourcesBuildPhase;
			buildActionMask = 2147483647;
			files = (
				F062121623CF3C9700F36790 /* ChatClientSpy.swift in Sources */,
				F0A457C723EAE0D20076A777 /* URLS+STS.swift in Sources */,
				F062121223CF3B3D00F36790 /* ClientMediatorIntegrationTests.swift in Sources */,
				F062121A23CF437300F36790 /* ChatClient.swift in Sources */,
				F0A457C123EAE0CD0076A777 /* URLS+Base.swift in Sources */,
				F062121B23CF437900F36790 /* ClientMediator.swift in Sources */,
				F062122123CF43A000F36790 /* ChatVendorAppId.swift in Sources */,
				F062122823CF43F200F36790 /* IdentityStoreModel.swift in Sources */,
				F0A457BE23EAE0C70076A777 /* Configuration+Env.swift in Sources */,
				F062122A23CF440400F36790 /* ChatVendorToken.swift in Sources */,
				F09B0B0723E1E239001C1DAB /* AccessTokenMockAdapter.swift in Sources */,
				F062121923CF436F00F36790 /* ClientProcessStrategy.swift in Sources */,
				F062121023CF355900F36790 /* UserDefaultStorageMock.swift in Sources */,
				F062122223CF43B300F36790 /* ResponseHeader.swift in Sources */,
				F062121D23CF438500F36790 /* Commands.swift in Sources */,
				F060145323CF47FE00216AA0 /* JSONMockData.swift in Sources */,
				F060145523CF486300216AA0 /* BuilderHelper.swift in Sources */,
				F062121823CF433100F36790 /* TokenBasedClientStrategy.swift in Sources */,
				F0A457CC23EC76960076A777 /* XCTestCase+Helper.swift in Sources */,
				F062120723CF346000F36790 /* IdentityStoreIntegrationTests.swift in Sources */,
				F062121723CF431E00F36790 /* Jwt.swift in Sources */,
				F062122723CF43E500F36790 /* RemoteIdentityStoreLoader.swift in Sources */,
				F0A3C9D323E1F36F000CD5FC /* Int+Loop.swift in Sources */,
				F0A457C423EAE0D00076A777 /* URLS+Auth.swift in Sources */,
				F0A457CE23EC77020076A777 /* Clients+Helper.swift in Sources */,
				F062122423CF43D100F36790 /* Loaders.swift in Sources */,
				F062121F23CF439000F36790 /* RemoteClientTokenLoader.swift in Sources */,
				F09B0B1223E1E73D001C1DAB /* AccessToken.swift in Sources */,
				F062122323CF43B600F36790 /* ResponseMetadata.swift in Sources */,
				F0A457CA23EAE0D50076A777 /* URLS+IdentityStore.swift in Sources */,
				F062122623CF43DB00F36790 /* IdentityStoreController.swift in Sources */,
				F062121C23CF438100F36790 /* Storage.swift in Sources */,
				F062122023CF439C00F36790 /* JwtDefaultParser.swift in Sources */,
				F062121E23CF438D00F36790 /* RemoteAppIdLoader.swift in Sources */,
			);
			runOnlyForDeploymentPostprocessing = 0;
		};
		F0D596D523A297710005C76F /* Sources */ = {
			isa = PBXSourcesBuildPhase;
			buildActionMask = 2147483647;
			files = (
				F0D596EE23A2A49B0005C76F /* RemoteAppIdLoader.swift in Sources */,
				F0A457C623EAE0D20076A777 /* URLS+STS.swift in Sources */,
				F0D596E323A2A1C60005C76F /* ChatDefaultComposition.swift in Sources */,
				F09B0B2B23E1EA2E001C1DAB /* RemoteAccessTokenSpyLoader.swift in Sources */,
				F0A457C023EAE0CD0076A777 /* URLS+Base.swift in Sources */,
				F0D596E823A2A1DF0005C76F /* Jwt.swift in Sources */,
				F0D596FA23A662080005C76F /* Commands.swift in Sources */,
				F0D596E723A2A1DB0005C76F /* DefaultStorage.swift in Sources */,
				F0A457BD23EAE0C70076A777 /* Configuration+Env.swift in Sources */,
				F0D596F223A2A4B70005C76F /* ChatVendorAppId.swift in Sources */,
				F0D596EC23A2A4740005C76F /* ChatClient.swift in Sources */,
				F000671723B3A4560008B2C5 /* Dictionary+toData.swift in Sources */,
				F0D596F523A2A4D00005C76F /* JwtDefaultParser.swift in Sources */,
				F09B0B0523E1E227001C1DAB /* AccessTokenSpyRemoteAdapter.swift in Sources */,
				F0D596E923A2A1E40005C76F /* TokenBasedClientStrategy.swift in Sources */,
				F000671823BA3CF00008B2C5 /* IdentityStoreController.swift in Sources */,
				F0D596F623A2A4D50005C76F /* ChatVendorToken.swift in Sources */,
				F062122523CF43D600F36790 /* Loaders.swift in Sources */,
				F0D596F323A2A4C40005C76F /* ResponseHeader.swift in Sources */,
				F0D596E523A2A1D40005C76F /* SmoochChatClient.swift in Sources */,
				F0304EF823BA3E55002EDACA /* IdentityStoreModel.swift in Sources */,
				F0D596F123A2A4B00005C76F /* ClientProcessStrategy.swift in Sources */,
				F0A457C323EAE0CF0076A777 /* URLS+Auth.swift in Sources */,
				F0D596DC23A297710005C76F /* ChatEndToEndTests.swift in Sources */,
				F0D596F423A2A4C80005C76F /* ResponseMetadata.swift in Sources */,
				F09B0B1123E1E73D001C1DAB /* AccessToken.swift in Sources */,
				F0D596EF23A2A49E0005C76F /* RemoteClientTokenLoader.swift in Sources */,
				F0A457C923EAE0D50076A777 /* URLS+IdentityStore.swift in Sources */,
				F09B0B0D23E1E3E2001C1DAB /* AccessTokenPingAdapter.swift in Sources */,
				F0D596E423A2A1CF0005C76F /* ClientMediator.swift in Sources */,
				F0304EF723BA3E44002EDACA /* RemoteIdentityStoreLoader.swift in Sources */,
				F0D596F023A2A4A90005C76F /* Storage.swift in Sources */,
			);
			runOnlyForDeploymentPostprocessing = 0;
		};
		F0E779E42374932C002AB76E /* Sources */ = {
			isa = PBXSourcesBuildPhase;
			buildActionMask = 2147483647;
			files = (
				F0A457BB23EACEB70076A777 /* Configuration+Env.swift in Sources */,
				F0D596FC23A66AEE0005C76F /* Result+Block.swift in Sources */,
				F0E779F02374932C002AB76E /* ViewController.swift in Sources */,
				F0A2A62223E82F670004A1C1 /* ChatConversation.swift in Sources */,
				F0E77A2F23749377002AB76E /* SmoochChatClient.swift in Sources */,
				F0E77A3023749377002AB76E /* RemoteAppIdLoader.swift in Sources */,
				F0ACDF30238AC178003043E9 /* IdentityStoreController.swift in Sources */,
				F0E77A2B23749377002AB76E /* ResponseMetadata.swift in Sources */,
				F0E779EC2374932C002AB76E /* AppDelegate.swift in Sources */,
				F07D76A6239CF19A00063190 /* TokenBasedClientStrategy.swift in Sources */,
				F07D76C8239D18A800063190 /* Storage.swift in Sources */,
				F0E77A3423749377002AB76E /* ClientMediator.swift in Sources */,
				F0A457B423EAC3AF0076A777 /* URLS+Auth.swift in Sources */,
				F07D76BC239D089500063190 /* Jwt.swift in Sources */,
				F0D5970223A682630005C76F /* SmoochChatUI.swift in Sources */,
				F0E77A3323749377002AB76E /* ChatClient.swift in Sources */,
				F0E77A3223749377002AB76E /* RemoteClientTokenLoader.swift in Sources */,
				F07D76BD239D089500063190 /* JwtDefaultParser.swift in Sources */,
				F062121423CF3B7400F36790 /* Loaders.swift in Sources */,
				F0D5969D23A0011F0005C76F /* ChatDefaultComposition.swift in Sources */,
				F07D76CC239D367C00063190 /* ClientProcessStrategy.swift in Sources */,
				F0E4F94B2382ED3C0024E427 /* RemoteIdentityStoreLoader.swift in Sources */,
				F0D596F923A6619D0005C76F /* Commands.swift in Sources */,
				F0E4F96223867FC90024E427 /* IdentityStoreModel.swift in Sources */,
				F0D596FF23A66DF10005C76F /* ClientUI.swift in Sources */,
				F0A457B623EAC3F20076A777 /* URLS+STS.swift in Sources */,
				F0A2A62423E849BD0004A1C1 /* SmoochConversation.swift in Sources */,
				F09B0B0B23E1E28C001C1DAB /* AccessTokenPingAdapter.swift in Sources */,
				F0A457B123EAC1D20076A777 /* URLS+Base.swift in Sources */,
				F0E77A2E23749377002AB76E /* ResponseHeader.swift in Sources */,
				F0A2A63223EA9C340004A1C1 /* ObserversCombainAdapter.swift in Sources */,
				F0ACDF41238BD43C003043E9 /* DefaultStorage.swift in Sources */,
				F000671623B3A4530008B2C5 /* Dictionary+toData.swift in Sources */,
				F0E77A2D23749377002AB76E /* ChatVendorAppId.swift in Sources */,
				F0A3C9D123E1F36F000CD5FC /* Int+Loop.swift in Sources */,
				F0E77A2C23749377002AB76E /* ChatVendorToken.swift in Sources */,
				F0A457B823EAC4670076A777 /* URLS+IdentityStore.swift in Sources */,
				F09B0B0F23E1E73D001C1DAB /* AccessToken.swift in Sources */,
			);
			runOnlyForDeploymentPostprocessing = 0;
		};
		F0E779FA2374932D002AB76E /* Sources */ = {
			isa = PBXSourcesBuildPhase;
			buildActionMask = 2147483647;
			files = (
				F0A457BC23EAE0C60076A777 /* Configuration+Env.swift in Sources */,
				F0A3C9D223E1F36F000CD5FC /* Int+Loop.swift in Sources */,
				F05E7EE823990E6C00389F76 /* ChatClientSpy.swift in Sources */,
				F07D76CA239D2DF900063190 /* DefaultStorageTests.swift in Sources */,
				F07D76C2239D08A800063190 /* JwtTests.swift in Sources */,
				F0E77A172374934C002AB76E /* ClientMediatorTests.swift in Sources */,
				F09B0B0623E1E237001C1DAB /* AccessTokenMockAdapter.swift in Sources */,
				F0ACDF43238BE3A1003043E9 /* IdentityStoreResponseHelper.swift in Sources */,
				F0E77A192374934C002AB76E /* BuilderHelper.swift in Sources */,
				F0E77A032374932D002AB76E /* Helper.swift in Sources */,
				F0A2A63023EA9B380004A1C1 /* ObserversCombainAdapterTests.swift in Sources */,
				F0E77A182374934C002AB76E /* RemoteChatTokenLoaderTests.swift in Sources */,
				F0A457C523EAE0D20076A777 /* URLS+STS.swift in Sources */,
				F063F0AA23954F3200F9E770 /* UserDefaultStorageMock.swift in Sources */,
				F09B0B1023E1E73D001C1DAB /* AccessToken.swift in Sources */,
				F0E4F94D2382EE760024E427 /* RemoteIdentityStoreLoaderTests.swift in Sources */,
				F07D76A8239CF1B600063190 /* ClientProcessStrategyTests.swift in Sources */,
				F0D596D423A28CCE0005C76F /* JSONMockData.swift in Sources */,
				F0ACDF3E238BD353003043E9 /* IdentityStoreControllerTests.swift in Sources */,
				F0A457C823EAE0D40076A777 /* URLS+IdentityStore.swift in Sources */,
				F0A457C223EAE0CF0076A777 /* URLS+Auth.swift in Sources */,
				F0A457BF23EAE0CC0076A777 /* URLS+Base.swift in Sources */,
				F0E77A152374934C002AB76E /* RmoteAppIdLoaderTests.swift in Sources */,
			);
			runOnlyForDeploymentPostprocessing = 0;
		};
/* End PBXSourcesBuildPhase section */

/* Begin PBXTargetDependency section */
		F062120A23CF346000F36790 /* PBXTargetDependency */ = {
			isa = PBXTargetDependency;
			target = F0E779E72374932C002AB76E /* TDDChatProject */;
			targetProxy = F062120923CF346000F36790 /* PBXContainerItemProxy */;
		};
		F0D596DF23A297710005C76F /* PBXTargetDependency */ = {
			isa = PBXTargetDependency;
			target = F0E779E72374932C002AB76E /* TDDChatProject */;
			targetProxy = F0D596DE23A297710005C76F /* PBXContainerItemProxy */;
		};
		F0E77A002374932D002AB76E /* PBXTargetDependency */ = {
			isa = PBXTargetDependency;
			target = F0E779E72374932C002AB76E /* TDDChatProject */;
			targetProxy = F0E779FF2374932D002AB76E /* PBXContainerItemProxy */;
		};
/* End PBXTargetDependency section */

/* Begin PBXVariantGroup section */
		F0E779F12374932C002AB76E /* Main.storyboard */ = {
			isa = PBXVariantGroup;
			children = (
				F0E779F22374932C002AB76E /* Base */,
			);
			name = Main.storyboard;
			sourceTree = "<group>";
		};
		F0E779F62374932D002AB76E /* LaunchScreen.storyboard */ = {
			isa = PBXVariantGroup;
			children = (
				F0E779F72374932D002AB76E /* Base */,
			);
			name = LaunchScreen.storyboard;
			sourceTree = "<group>";
		};
/* End PBXVariantGroup section */

/* Begin XCBuildConfiguration section */
		F062120C23CF346000F36790 /* Debug */ = {
			isa = XCBuildConfiguration;
			buildSettings = {
				BUNDLE_LOADER = "$(TEST_HOST)";
				CODE_SIGN_STYLE = Automatic;
				INFOPLIST_FILE = Integration/Info.plist;
				LD_RUNPATH_SEARCH_PATHS = (
					"$(inherited)",
					"@executable_path/Frameworks",
					"@loader_path/Frameworks",
				);
				PRODUCT_BUNDLE_IDENTIFIER = com.cwt.chat.integration.Integration;
				PRODUCT_NAME = "$(TARGET_NAME)";
				SWIFT_VERSION = 5.0;
				TARGETED_DEVICE_FAMILY = "1,2";
				TEST_HOST = "$(BUILT_PRODUCTS_DIR)/TDDChatProject.app/TDDChatProject";
			};
			name = Debug;
		};
		F062120D23CF346000F36790 /* Release */ = {
			isa = XCBuildConfiguration;
			buildSettings = {
				BUNDLE_LOADER = "$(TEST_HOST)";
				CODE_SIGN_STYLE = Automatic;
				INFOPLIST_FILE = Integration/Info.plist;
				LD_RUNPATH_SEARCH_PATHS = (
					"$(inherited)",
					"@executable_path/Frameworks",
					"@loader_path/Frameworks",
				);
				PRODUCT_BUNDLE_IDENTIFIER = com.cwt.chat.integration.Integration;
				PRODUCT_NAME = "$(TARGET_NAME)";
				SWIFT_VERSION = 5.0;
				TARGETED_DEVICE_FAMILY = "1,2";
				TEST_HOST = "$(BUILT_PRODUCTS_DIR)/TDDChatProject.app/TDDChatProject";
			};
			name = Release;
		};
		F0D596E123A297710005C76F /* Debug */ = {
			isa = XCBuildConfiguration;
			baseConfigurationReference = 7BC882221C0B36BD3267C456 /* Pods-ChatEndToEndTests.debug.xcconfig */;
			buildSettings = {
				BUNDLE_LOADER = "$(TEST_HOST)";
				CODE_SIGN_STYLE = Manual;
				DEVELOPMENT_TEAM = "";
				FRAMEWORK_SEARCH_PATHS = (
					"$(inherited)",
					"$(SRCROOT)/Pods",
				);
				INFOPLIST_FILE = ChatEndToEndTests/Info.plist;
				LD_RUNPATH_SEARCH_PATHS = (
					"$(inherited)",
					"@executable_path/Frameworks",
					"@loader_path/Frameworks",
				);
				PRODUCT_BUNDLE_IDENTIFIER = "com.cwt.end-to-end.ChatEndToEndTests";
				PRODUCT_NAME = "$(TARGET_NAME)";
				PROVISIONING_PROFILE_SPECIFIER = "";
				"PROVISIONING_PROFILE_SPECIFIER[sdk=macosx*]" = "";
				SWIFT_VERSION = 5.0;
				TARGETED_DEVICE_FAMILY = "1,2";
				TEST_HOST = "$(BUILT_PRODUCTS_DIR)/TDDChatProject.app/TDDChatProject";
			};
			name = Debug;
		};
		F0D596E223A297710005C76F /* Release */ = {
			isa = XCBuildConfiguration;
			baseConfigurationReference = 2512929E088E23D03FA3D872 /* Pods-ChatEndToEndTests.release.xcconfig */;
			buildSettings = {
				BUNDLE_LOADER = "$(TEST_HOST)";
				CODE_SIGN_STYLE = Manual;
				DEVELOPMENT_TEAM = "";
				FRAMEWORK_SEARCH_PATHS = (
					"$(inherited)",
					"$(SRCROOT)/Pods",
				);
				INFOPLIST_FILE = ChatEndToEndTests/Info.plist;
				LD_RUNPATH_SEARCH_PATHS = (
					"$(inherited)",
					"@executable_path/Frameworks",
					"@loader_path/Frameworks",
				);
				PRODUCT_BUNDLE_IDENTIFIER = "com.cwt.end-to-end.ChatEndToEndTests";
				PRODUCT_NAME = "$(TARGET_NAME)";
				PROVISIONING_PROFILE_SPECIFIER = "";
				"PROVISIONING_PROFILE_SPECIFIER[sdk=macosx*]" = "";
				SWIFT_VERSION = 5.0;
				TARGETED_DEVICE_FAMILY = "1,2";
				TEST_HOST = "$(BUILT_PRODUCTS_DIR)/TDDChatProject.app/TDDChatProject";
			};
			name = Release;
		};
		F0E77A052374932D002AB76E /* Debug */ = {
			isa = XCBuildConfiguration;
			buildSettings = {
				ALWAYS_SEARCH_USER_PATHS = NO;
				CLANG_ANALYZER_NONNULL = YES;
				CLANG_ANALYZER_NUMBER_OBJECT_CONVERSION = YES_AGGRESSIVE;
				CLANG_CXX_LANGUAGE_STANDARD = "gnu++14";
				CLANG_CXX_LIBRARY = "libc++";
				CLANG_ENABLE_MODULES = YES;
				CLANG_ENABLE_OBJC_ARC = YES;
				CLANG_ENABLE_OBJC_WEAK = YES;
				CLANG_WARN_BLOCK_CAPTURE_AUTORELEASING = YES;
				CLANG_WARN_BOOL_CONVERSION = YES;
				CLANG_WARN_COMMA = YES;
				CLANG_WARN_CONSTANT_CONVERSION = YES;
				CLANG_WARN_DEPRECATED_OBJC_IMPLEMENTATIONS = YES;
				CLANG_WARN_DIRECT_OBJC_ISA_USAGE = YES_ERROR;
				CLANG_WARN_DOCUMENTATION_COMMENTS = YES;
				CLANG_WARN_EMPTY_BODY = YES;
				CLANG_WARN_ENUM_CONVERSION = YES;
				CLANG_WARN_INFINITE_RECURSION = YES;
				CLANG_WARN_INT_CONVERSION = YES;
				CLANG_WARN_NON_LITERAL_NULL_CONVERSION = YES;
				CLANG_WARN_OBJC_IMPLICIT_RETAIN_SELF = YES;
				CLANG_WARN_OBJC_LITERAL_CONVERSION = YES;
				CLANG_WARN_OBJC_ROOT_CLASS = YES_ERROR;
				CLANG_WARN_RANGE_LOOP_ANALYSIS = YES;
				CLANG_WARN_STRICT_PROTOTYPES = YES;
				CLANG_WARN_SUSPICIOUS_MOVE = YES;
				CLANG_WARN_UNGUARDED_AVAILABILITY = YES_AGGRESSIVE;
				CLANG_WARN_UNREACHABLE_CODE = YES;
				CLANG_WARN__DUPLICATE_METHOD_MATCH = YES;
				COPY_PHASE_STRIP = NO;
				DEBUG_INFORMATION_FORMAT = dwarf;
				ENABLE_STRICT_OBJC_MSGSEND = YES;
				ENABLE_TESTABILITY = YES;
				GCC_C_LANGUAGE_STANDARD = gnu11;
				GCC_DYNAMIC_NO_PIC = NO;
				GCC_NO_COMMON_BLOCKS = YES;
				GCC_OPTIMIZATION_LEVEL = 0;
				GCC_PREPROCESSOR_DEFINITIONS = (
					"DEBUG=1",
					"$(inherited)",
				);
				GCC_WARN_64_TO_32_BIT_CONVERSION = YES;
				GCC_WARN_ABOUT_RETURN_TYPE = YES_ERROR;
				GCC_WARN_UNDECLARED_SELECTOR = YES;
				GCC_WARN_UNINITIALIZED_AUTOS = YES_AGGRESSIVE;
				GCC_WARN_UNUSED_FUNCTION = YES;
				GCC_WARN_UNUSED_VARIABLE = YES;
				IPHONEOS_DEPLOYMENT_TARGET = 13.1;
				MTL_ENABLE_DEBUG_INFO = INCLUDE_SOURCE;
				MTL_FAST_MATH = YES;
				ONLY_ACTIVE_ARCH = YES;
				SDKROOT = iphoneos;
				SWIFT_ACTIVE_COMPILATION_CONDITIONS = DEBUG;
				SWIFT_OPTIMIZATION_LEVEL = "-Onone";
			};
			name = Debug;
		};
		F0E77A062374932D002AB76E /* Release */ = {
			isa = XCBuildConfiguration;
			buildSettings = {
				ALWAYS_SEARCH_USER_PATHS = NO;
				CLANG_ANALYZER_NONNULL = YES;
				CLANG_ANALYZER_NUMBER_OBJECT_CONVERSION = YES_AGGRESSIVE;
				CLANG_CXX_LANGUAGE_STANDARD = "gnu++14";
				CLANG_CXX_LIBRARY = "libc++";
				CLANG_ENABLE_MODULES = YES;
				CLANG_ENABLE_OBJC_ARC = YES;
				CLANG_ENABLE_OBJC_WEAK = YES;
				CLANG_WARN_BLOCK_CAPTURE_AUTORELEASING = YES;
				CLANG_WARN_BOOL_CONVERSION = YES;
				CLANG_WARN_COMMA = YES;
				CLANG_WARN_CONSTANT_CONVERSION = YES;
				CLANG_WARN_DEPRECATED_OBJC_IMPLEMENTATIONS = YES;
				CLANG_WARN_DIRECT_OBJC_ISA_USAGE = YES_ERROR;
				CLANG_WARN_DOCUMENTATION_COMMENTS = YES;
				CLANG_WARN_EMPTY_BODY = YES;
				CLANG_WARN_ENUM_CONVERSION = YES;
				CLANG_WARN_INFINITE_RECURSION = YES;
				CLANG_WARN_INT_CONVERSION = YES;
				CLANG_WARN_NON_LITERAL_NULL_CONVERSION = YES;
				CLANG_WARN_OBJC_IMPLICIT_RETAIN_SELF = YES;
				CLANG_WARN_OBJC_LITERAL_CONVERSION = YES;
				CLANG_WARN_OBJC_ROOT_CLASS = YES_ERROR;
				CLANG_WARN_RANGE_LOOP_ANALYSIS = YES;
				CLANG_WARN_STRICT_PROTOTYPES = YES;
				CLANG_WARN_SUSPICIOUS_MOVE = YES;
				CLANG_WARN_UNGUARDED_AVAILABILITY = YES_AGGRESSIVE;
				CLANG_WARN_UNREACHABLE_CODE = YES;
				CLANG_WARN__DUPLICATE_METHOD_MATCH = YES;
				COPY_PHASE_STRIP = NO;
				DEBUG_INFORMATION_FORMAT = "dwarf-with-dsym";
				ENABLE_NS_ASSERTIONS = NO;
				ENABLE_STRICT_OBJC_MSGSEND = YES;
				GCC_C_LANGUAGE_STANDARD = gnu11;
				GCC_NO_COMMON_BLOCKS = YES;
				GCC_WARN_64_TO_32_BIT_CONVERSION = YES;
				GCC_WARN_ABOUT_RETURN_TYPE = YES_ERROR;
				GCC_WARN_UNDECLARED_SELECTOR = YES;
				GCC_WARN_UNINITIALIZED_AUTOS = YES_AGGRESSIVE;
				GCC_WARN_UNUSED_FUNCTION = YES;
				GCC_WARN_UNUSED_VARIABLE = YES;
				IPHONEOS_DEPLOYMENT_TARGET = 13.1;
				MTL_ENABLE_DEBUG_INFO = NO;
				MTL_FAST_MATH = YES;
				SDKROOT = iphoneos;
				SWIFT_COMPILATION_MODE = wholemodule;
				SWIFT_OPTIMIZATION_LEVEL = "-O";
				VALIDATE_PRODUCT = YES;
			};
			name = Release;
		};
		F0E77A082374932D002AB76E /* Debug */ = {
			isa = XCBuildConfiguration;
			baseConfigurationReference = 4F20C3F7E5D2FCBE63A4F2CA /* Pods-TDDChatProject.debug.xcconfig */;
			buildSettings = {
				ASSETCATALOG_COMPILER_APPICON_NAME = AppIcon;
				CODE_SIGN_STYLE = Manual;
				DEVELOPMENT_TEAM = "";
				INFOPLIST_FILE = TDDChatProject/Info.plist;
				IPHONEOS_DEPLOYMENT_TARGET = 12.0;
				LD_RUNPATH_SEARCH_PATHS = (
					"$(inherited)",
					"@executable_path/Frameworks",
				);
				PRODUCT_BUNDLE_IDENTIFIER = com.cwt.TDDChatProject;
				PRODUCT_NAME = TDDChatProject;
				PROVISIONING_PROFILE_SPECIFIER = "";
				SWIFT_VERSION = 5.0;
				TARGETED_DEVICE_FAMILY = "1,2";
			};
			name = Debug;
		};
		F0E77A092374932D002AB76E /* Release */ = {
			isa = XCBuildConfiguration;
			baseConfigurationReference = 771CED41378EF474964900F1 /* Pods-TDDChatProject.release.xcconfig */;
			buildSettings = {
				ASSETCATALOG_COMPILER_APPICON_NAME = AppIcon;
				CODE_SIGN_STYLE = Manual;
				DEVELOPMENT_TEAM = "";
				INFOPLIST_FILE = TDDChatProject/Info.plist;
				IPHONEOS_DEPLOYMENT_TARGET = 12.0;
				LD_RUNPATH_SEARCH_PATHS = (
					"$(inherited)",
					"@executable_path/Frameworks",
				);
				PRODUCT_BUNDLE_IDENTIFIER = com.cwt.TDDChatProject;
				PRODUCT_NAME = TDDChatProject;
				PROVISIONING_PROFILE_SPECIFIER = "";
				SWIFT_VERSION = 5.0;
				TARGETED_DEVICE_FAMILY = "1,2";
			};
			name = Release;
		};
		F0E77A0B2374932D002AB76E /* Debug */ = {
			isa = XCBuildConfiguration;
			buildSettings = {
				ALWAYS_EMBED_SWIFT_STANDARD_LIBRARIES = YES;
				BUNDLE_LOADER = "$(TEST_HOST)";
				CODE_SIGN_STYLE = Manual;
				DEVELOPMENT_TEAM = "";
				INFOPLIST_FILE = TDDChatProjectTests/Info.plist;
				IPHONEOS_DEPLOYMENT_TARGET = 13.1;
				LD_RUNPATH_SEARCH_PATHS = (
					"$(inherited)",
					"@executable_path/Frameworks",
					"@loader_path/Frameworks",
				);
				PRODUCT_BUNDLE_IDENTIFIER = com.cwt.TDDChatProjectTests;
				PRODUCT_NAME = "$(TARGET_NAME)";
				PROVISIONING_PROFILE_SPECIFIER = "";
				"PROVISIONING_PROFILE_SPECIFIER[sdk=macosx*]" = "";
				SWIFT_VERSION = 5.0;
				TARGETED_DEVICE_FAMILY = "1,2";
				TEST_HOST = "$(BUILT_PRODUCTS_DIR)/TDDChatProject.app/TDDChatProject";
			};
			name = Debug;
		};
		F0E77A0C2374932D002AB76E /* Release */ = {
			isa = XCBuildConfiguration;
			buildSettings = {
				ALWAYS_EMBED_SWIFT_STANDARD_LIBRARIES = YES;
				BUNDLE_LOADER = "$(TEST_HOST)";
				CODE_SIGN_STYLE = Manual;
				DEVELOPMENT_TEAM = "";
				INFOPLIST_FILE = TDDChatProjectTests/Info.plist;
				IPHONEOS_DEPLOYMENT_TARGET = 13.1;
				LD_RUNPATH_SEARCH_PATHS = (
					"$(inherited)",
					"@executable_path/Frameworks",
					"@loader_path/Frameworks",
				);
				PRODUCT_BUNDLE_IDENTIFIER = com.cwt.TDDChatProjectTests;
				PRODUCT_NAME = "$(TARGET_NAME)";
				PROVISIONING_PROFILE_SPECIFIER = "";
				"PROVISIONING_PROFILE_SPECIFIER[sdk=macosx*]" = "";
				SWIFT_VERSION = 5.0;
				TARGETED_DEVICE_FAMILY = "1,2";
				TEST_HOST = "$(BUILT_PRODUCTS_DIR)/TDDChatProject.app/TDDChatProject";
			};
			name = Release;
		};
/* End XCBuildConfiguration section */

/* Begin XCConfigurationList section */
		F062120B23CF346000F36790 /* Build configuration list for PBXNativeTarget "Integration" */ = {
			isa = XCConfigurationList;
			buildConfigurations = (
				F062120C23CF346000F36790 /* Debug */,
				F062120D23CF346000F36790 /* Release */,
			);
			defaultConfigurationIsVisible = 0;
			defaultConfigurationName = Release;
		};
		F0D596E023A297710005C76F /* Build configuration list for PBXNativeTarget "ChatEndToEndTests" */ = {
			isa = XCConfigurationList;
			buildConfigurations = (
				F0D596E123A297710005C76F /* Debug */,
				F0D596E223A297710005C76F /* Release */,
			);
			defaultConfigurationIsVisible = 0;
			defaultConfigurationName = Release;
		};
		F0E779E32374932C002AB76E /* Build configuration list for PBXProject "TDDChatProject" */ = {
			isa = XCConfigurationList;
			buildConfigurations = (
				F0E77A052374932D002AB76E /* Debug */,
				F0E77A062374932D002AB76E /* Release */,
			);
			defaultConfigurationIsVisible = 0;
			defaultConfigurationName = Release;
		};
		F0E77A072374932D002AB76E /* Build configuration list for PBXNativeTarget "TDDChatProject" */ = {
			isa = XCConfigurationList;
			buildConfigurations = (
				F0E77A082374932D002AB76E /* Debug */,
				F0E77A092374932D002AB76E /* Release */,
			);
			defaultConfigurationIsVisible = 0;
			defaultConfigurationName = Release;
		};
		F0E77A0A2374932D002AB76E /* Build configuration list for PBXNativeTarget "TDDChatProjectTests" */ = {
			isa = XCConfigurationList;
			buildConfigurations = (
				F0E77A0B2374932D002AB76E /* Debug */,
				F0E77A0C2374932D002AB76E /* Release */,
			);
			defaultConfigurationIsVisible = 0;
			defaultConfigurationName = Release;
		};
/* End XCConfigurationList section */

/* Begin XCRemoteSwiftPackageReference section */
		F06211CF23CE164B00F36790 /* XCRemoteSwiftPackageReference "lit-networking" */ = {
			isa = XCRemoteSwiftPackageReference;
			repositoryURL = "https://github.com/mendyEdri/lit-networking.git";
			requirement = {
				branch = master;
				kind = branch;
			};
		};
/* End XCRemoteSwiftPackageReference section */

/* Begin XCSwiftPackageProductDependency section */
		F06211D023CE164B00F36790 /* lit-networking */ = {
			isa = XCSwiftPackageProductDependency;
			package = F06211CF23CE164B00F36790 /* XCRemoteSwiftPackageReference "lit-networking" */;
			productName = "lit-networking";
		};
/* End XCSwiftPackageProductDependency section */
	};
	rootObject = F0E779E02374932C002AB76E /* Project object */;
}
